<?xml version="1.0" encoding="utf-8"?>
<Project ToolsVersion="4.0" xmlns="http://schemas.microsoft.com/developer/msbuild/2003">
  <ItemGroup>
    <Filter Include="源文件">
      <UniqueIdentifier>{4FC737F1-C7A5-4376-A066-2A32D752A2FF}</UniqueIdentifier>
      <Extensions>cpp;c;cc;cxx;c++;cppm;ixx;def;odl;idl;hpj;bat;asm;asmx</Extensions>
    </Filter>
    <Filter Include="头文件">
      <UniqueIdentifier>{93995380-89BD-4b04-88EB-625FBE52EBFB}</UniqueIdentifier>
      <Extensions>h;hh;hpp;hxx;h++;hm;inl;inc;ipp;xsd</Extensions>
    </Filter>
    <Filter Include="资源文件">
      <UniqueIdentifier>{67DA6AB6-F800-4c08-8B7A-83BB121AAD01}</UniqueIdentifier>
      <Extensions>rc;ico;cur;bmp;dlg;rc2;rct;bin;rgs;gif;jpg;jpeg;jpe;resx;tiff;tif;png;wav;mfcribbon-ms</Extensions>
    </Filter>
  </ItemGroup>
  <ItemGroup>
    <None Include="packages.config" />
  </ItemGroup>
  <ItemGroup>
    <ClInclude Include="Engine\UISlider.h">
      <Filter>头文件</Filter>
    </ClInclude>
    <ClInclude Include="Engine\UIScrollBar.h">
      <Filter>头文件</Filter>
    </ClInclude>
    <ClInclude Include="Engine\UIScript.h">
      <Filter>头文件</Filter>
    </ClInclude>
    <ClInclude Include="Engine\UIHub.h">
      <Filter>头文件</Filter>
    </ClInclude>
    <ClInclude Include="Engine\UIDocument.h">
      <Filter>头文件</Filter>
    </ClInclude>
    <ClInclude Include="Engine\UIContainer.h">
      <Filter>头文件</Filter>
    </ClInclude>
    <ClInclude Include="Engine\UIComponent.h">
      <Filter>头文件</Filter>
    </ClInclude>
    <ClInclude Include="Engine\UIButton.h">
      <Filter>头文件</Filter>
    </ClInclude>
    <ClInclude Include="Engine\UIBody.h">
      <Filter>头文件</Filter>
    </ClInclude>
    <ClInclude Include="Engine\TileMapRenderer.h">
      <Filter>头文件</Filter>
    </ClInclude>
    <ClInclude Include="Engine\TileMap.h">
      <Filter>头文件</Filter>
    </ClInclude>
    <ClInclude Include="Engine\Texture.h">
      <Filter>头文件</Filter>
    </ClInclude>
    <ClInclude Include="Engine\StateMachine.h">
      <Filter>头文件</Filter>
    </ClInclude>
    <ClInclude Include="Engine\State.h">
      <Filter>头文件</Filter>
    </ClInclude>
    <ClInclude Include="Engine\SpriteRenderer.h">
      <Filter>头文件</Filter>
    </ClInclude>
    <ClInclude Include="Engine\Sprite.h">
      <Filter>头文件</Filter>
    </ClInclude>
    <ClInclude Include="Engine\SceneManager.h">
      <Filter>头文件</Filter>
    </ClInclude>
    <ClInclude Include="Engine\Scene.h">
      <Filter>头文件</Filter>
    </ClInclude>
    <ClInclude Include="Engine\Rigidbody.h">
      <Filter>头文件</Filter>
    </ClInclude>
    <ClInclude Include="Engine\Renderer.h">
      <Filter>头文件</Filter>
    </ClInclude>
    <ClInclude Include="Engine\Platform.h">
      <Filter>头文件</Filter>
    </ClInclude>
    <ClInclude Include="Engine\PhysicsSystem.h">
      <Filter>头文件</Filter>
    </ClInclude>
    <ClInclude Include="Engine\NObject.h">
      <Filter>头文件</Filter>
    </ClInclude>
    <ClInclude Include="Engine\Input.h">
      <Filter>头文件</Filter>
    </ClInclude>
    <ClInclude Include="Engine\GLRenderer.h">
      <Filter>头文件</Filter>
    </ClInclude>
    <ClInclude Include="Engine\FontAsset.h">
      <Filter>头文件</Filter>
    </ClInclude>
    <ClInclude Include="Engine\Font.h">
      <Filter>头文件</Filter>
    </ClInclude>
    <ClInclude Include="Engine\Engine.h">
      <Filter>头文件</Filter>
    </ClInclude>
    <ClInclude Include="Engine\Collider2D.h">
      <Filter>头文件</Filter>
    </ClInclude>
    <ClInclude Include="Engine\Camera.h">
      <Filter>头文件</Filter>
    </ClInclude>
    <ClInclude Include="Engine\AudioSource.h">
      <Filter>头文件</Filter>
    </ClInclude>
    <ClInclude Include="Engine\Application.h">
      <Filter>头文件</Filter>
    </ClInclude>
    <ClInclude Include="Engine\Animation.h">
      <Filter>头文件</Filter>
    </ClInclude>
    <ClInclude Include="Engine\ActorMotion.h">
      <Filter>头文件</Filter>
    </ClInclude>
    <ClInclude Include="Engine\ActorComponent.h">
      <Filter>头文件</Filter>
    </ClInclude>
    <ClInclude Include="Engine\Actor.h">
      <Filter>头文件</Filter>
    </ClInclude>
    <ClInclude Include="Engine\Resource.h">
      <Filter>头文件</Filter>
    </ClInclude>
    <ClInclude Include="Engine\UILabel.h">
      <Filter>头文件</Filter>
    </ClInclude>
    <ClInclude Include="Engine\UIImage.h">
      <Filter>头文件</Filter>
    </ClInclude>
    <ClInclude Include="Engine\Transform.h">
      <Filter>头文件</Filter>
    </ClInclude>
    <ClInclude Include="Engine\Time.h">
      <Filter>头文件</Filter>
    </ClInclude>
    <ClInclude Include="Engine\TileMapInfo.h">
      <Filter>头文件</Filter>
    </ClInclude>
    <ClInclude Include="Engine\TileCollider2D.h">
      <Filter>头文件</Filter>
    </ClInclude>
    <ClInclude Include="Engine\SDLTexture.h">
      <Filter>头文件</Filter>
    </ClInclude>
    <ClInclude Include="Engine\SDLRenderer.h">
      <Filter>头文件</Filter>
    </ClInclude>
    <ClInclude Include="Engine\Screen.h">
      <Filter>头文件</Filter>
    </ClInclude>
    <ClInclude Include="Engine\Platform_Windows.h">
      <Filter>头文件</Filter>
    </ClInclude>
    <ClInclude Include="Engine\Platform_Linux.h">
      <Filter>头文件</Filter>
    </ClInclude>
    <ClInclude Include="Engine\ObjectPool.h">
      <Filter>头文件</Filter>
    </ClInclude>
    <ClInclude Include="Engine\NoaMath.h">
      <Filter>头文件</Filter>
    </ClInclude>
    <ClInclude Include="Engine\NoaAction.h">
      <Filter>头文件</Filter>
    </ClInclude>
    <ClInclude Include="Engine\IPoolObjectFactroy.h">
      <Filter>头文件</Filter>
    </ClInclude>
    <ClInclude Include="Engine\IPool.h">
      <Filter>头文件</Filter>
    </ClInclude>
    <ClInclude Include="Engine\GLTexture.h">
      <Filter>头文件</Filter>
    </ClInclude>
    <ClInclude Include="Engine\GLShader.h">
      <Filter>头文件</Filter>
    </ClInclude>
    <ClInclude Include="Engine\EngineExtension.h">
      <Filter>头文件</Filter>
    </ClInclude>
    <ClInclude Include="Engine\Debug.h">
      <Filter>头文件</Filter>
    </ClInclude>
    <ClInclude Include="Engine\CircleCollider2D.h">
      <Filter>头文件</Filter>
    </ClInclude>
    <ClInclude Include="Engine\Camera2D.h">
      <Filter>头文件</Filter>
    </ClInclude>
    <ClInclude Include="Engine\ActorPoolFactory.h">
      <Filter>头文件</Filter>
    </ClInclude>
    <ClInclude Include="Engine\ActorPool.h">
      <Filter>头文件</Filter>
    </ClInclude>
    <ClInclude Include="Engine\IOStruct.h">
      <Filter>头文件</Filter>
    </ClInclude>
    <ClInclude Include="Engine\IOCode.h">
      <Filter>头文件</Filter>
    </ClInclude>
    <ClInclude Include="Engine\Graphic.h">
      <Filter>头文件</Filter>
    </ClInclude>
    <ClInclude Include="Engine\BoxCollider2D.h">
      <Filter>头文件</Filter>
    </ClInclude>
    <ClInclude Include="Engine\AudioSystem_SDL.h">
      <Filter>头文件</Filter>
    </ClInclude>
    <ClInclude Include="Engine\AudioSystem.h">
      <Filter>头文件</Filter>
    </ClInclude>
    <ClInclude Include="Engine\Core.h">
      <Filter>头文件</Filter>
    </ClInclude>
    <ClInclude Include="Engine\NoaGUI.h">
      <Filter>头文件</Filter>
    </ClInclude>
    <ClInclude Include="Engine\SDLHelper.h">
      <Filter>头文件</Filter>
    </ClInclude>
    <ClInclude Include="Engine\GLHelper.h">
      <Filter>头文件</Filter>
    </ClInclude>
  </ItemGroup>
  <ItemGroup>
    <ClCompile Include="Engine\Sprite.cpp">
      <Filter>源文件</Filter>
    </ClCompile>
    <ClCompile Include="Engine\Scene.cpp">
      <Filter>源文件</Filter>
    </ClCompile>
    <ClCompile Include="Engine\Rigidbody.cpp">
      <Filter>源文件</Filter>
    </ClCompile>
    <ClCompile Include="Engine\Resource.cpp">
      <Filter>源文件</Filter>
    </ClCompile>
    <ClCompile Include="Engine\Renderer.cpp">
      <Filter>源文件</Filter>
    </ClCompile>
    <ClCompile Include="Engine\Input.cpp">
      <Filter>源文件</Filter>
    </ClCompile>
    <ClCompile Include="Engine\Engine.cpp">
      <Filter>源文件</Filter>
    </ClCompile>
    <ClCompile Include="Engine\Texture.cpp">
      <Filter>源文件</Filter>
    </ClCompile>
    <ClCompile Include="Engine\Platform.cpp">
      <Filter>源文件</Filter>
    </ClCompile>
    <ClCompile Include="Engine\Platform_Windows.cpp">
      <Filter>源文件</Filter>
    </ClCompile>
    <ClCompile Include="Engine\Camera2D.cpp">
      <Filter>源文件</Filter>
    </ClCompile>
    <ClCompile Include="Engine\UISlider.cpp">
      <Filter>源文件</Filter>
    </ClCompile>
    <ClCompile Include="Engine\UIScrollBar.cpp">
      <Filter>源文件</Filter>
    </ClCompile>
    <ClCompile Include="Engine\UIButton.cpp">
      <Filter>源文件</Filter>
    </ClCompile>
    <ClCompile Include="Engine\UIBody.cpp">
      <Filter>源文件</Filter>
    </ClCompile>
    <ClCompile Include="Engine\IOStruct.cpp">
      <Filter>源文件</Filter>
    </ClCompile>
    <ClCompile Include="Engine\TileMapRenderer.cpp">
      <Filter>源文件</Filter>
    </ClCompile>
    <ClCompile Include="Engine\UIHub.cpp">
      <Filter>源文件</Filter>
    </ClCompile>
    <ClCompile Include="Engine\PhysicsSystem.cpp">
      <Filter>源文件</Filter>
    </ClCompile>
    <ClCompile Include="Engine\ActorMotion.cpp">
      <Filter>源文件</Filter>
    </ClCompile>
    <ClCompile Include="Engine\TileCollider2D.cpp">
      <Filter>源文件</Filter>
    </ClCompile>
    <ClCompile Include="Engine\TileMap.cpp">
      <Filter>源文件</Filter>
    </ClCompile>
    <ClCompile Include="Engine\TileMapInfo.cpp">
      <Filter>源文件</Filter>
    </ClCompile>
    <ClCompile Include="Engine\Animation.cpp">
      <Filter>源文件</Filter>
    </ClCompile>
    <ClCompile Include="Engine\GLTexture.cpp">
      <Filter>源文件</Filter>
    </ClCompile>
    <ClCompile Include="Engine\GLRenderer.cpp">
      <Filter>源文件</Filter>
    </ClCompile>
    <ClCompile Include="Engine\SpriteRenderer.cpp">
      <Filter>源文件</Filter>
    </ClCompile>
    <ClCompile Include="Engine\AudioSystem_SDL.cpp">
      <Filter>源文件</Filter>
    </ClCompile>
    <ClCompile Include="Engine\EngineExtension.cpp">
      <Filter>源文件</Filter>
    </ClCompile>
    <ClCompile Include="Engine\Actor.cpp">
      <Filter>源文件</Filter>
    </ClCompile>
    <ClCompile Include="Engine\SceneManager.cpp">
      <Filter>源文件</Filter>
    </ClCompile>
    <ClCompile Include="Engine\UIImage.cpp">
      <Filter>源文件</Filter>
    </ClCompile>
    <ClCompile Include="Engine\Collider2D.cpp">
      <Filter>源文件</Filter>
    </ClCompile>
    <ClCompile Include="Engine\Application.cpp">
      <Filter>源文件</Filter>
    </ClCompile>
    <ClCompile Include="Engine\UIContainer.cpp">
      <Filter>源文件</Filter>
    </ClCompile>
    <ClCompile Include="Engine\GLShader.cpp">
      <Filter>源文件</Filter>
    </ClCompile>
    <ClCompile Include="Engine\Camera.cpp">
      <Filter>源文件</Filter>
    </ClCompile>
    <ClCompile Include="Engine\State.cpp">
      <Filter>源文件</Filter>
    </ClCompile>
    <ClCompile Include="Engine\StateMachine.cpp">
      <Filter>源文件</Filter>
    </ClCompile>
    <ClCompile Include="Engine\BoxCollider2D.cpp">
      <Filter>源文件</Filter>
    </ClCompile>
    <ClCompile Include="Engine\CircleCollider2D.cpp">
      <Filter>源文件</Filter>
    </ClCompile>
    <ClCompile Include="Engine\SDLRenderer.cpp">
      <Filter>源文件</Filter>
    </ClCompile>
    <ClCompile Include="Engine\UIDocument.cpp">
      <Filter>源文件</Filter>
    </ClCompile>
    <ClCompile Include="Engine\ActorComponent.cpp">
      <Filter>源文件</Filter>
    </ClCompile>
    <ClCompile Include="Engine\UILabel.cpp">
      <Filter>源文件</Filter>
    </ClCompile>
    <ClCompile Include="Engine\Screen.cpp">
      <Filter>源文件</Filter>
    </ClCompile>
    <ClCompile Include="Engine\SDLTexture.cpp">
      <Filter>源文件</Filter>
    </ClCompile>
    <ClCompile Include="Engine\UIScript.cpp">
      <Filter>源文件</Filter>
    </ClCompile>
    <ClCompile Include="Engine\UIComponent.cpp">
      <Filter>源文件</Filter>
    </ClCompile>
    <ClCompile Include="Engine\NoaGUI.cpp">
      <Filter>源文件</Filter>
    </ClCompile>
    <ClCompile Include="Engine\FontAsset.cpp">
      <Filter>源文件</Filter>
    </ClCompile>
    <ClCompile Include="Engine\Font.cpp">
      <Filter>源文件</Filter>
    </ClCompile>
    <ClCompile Include="Engine\Time.cpp">
      <Filter>源文件</Filter>
    </ClCompile>
    <ClCompile Include="Engine\NoaMath.cpp">
      <Filter>源文件</Filter>
    </ClCompile>
    <ClCompile Include="Engine\ActorPool.cpp">
      <Filter>源文件</Filter>
    </ClCompile>
    <ClCompile Include="Engine\AudioSource.cpp">
      <Filter>源文件</Filter>
    </ClCompile>
    <ClCompile Include="Engine\NObject.cpp">
      <Filter>源文件</Filter>
    </ClCompile>
    <ClCompile Include="Engine\AudioSystem.cpp">
      <Filter>源文件</Filter>
    </ClCompile>
    <ClCompile Include="Engine\Platform_Linux.cpp">
      <Filter>源文件</Filter>
    </ClCompile>
    <ClCompile Include="Engine\Transform.cpp">
      <Filter>源文件</Filter>
    </ClCompile>
    <ClCompile Include="Engine\NoaAction.cpp">
      <Filter>源文件</Filter>
    </ClCompile>
    <ClCompile Include="Engine\IPoolObjectFactroy.cpp">
      <Filter>源文件</Filter>
    </ClCompile>
    <ClCompile Include="Engine\ActorPoolFactory.cpp">
      <Filter>源文件</Filter>
    </ClCompile>
    <ClCompile Include="Engine\Debug.cpp">
      <Filter>源文件</Filter>
    </ClCompile>
    <ClCompile Include="Engine\Graphic.cpp">
      <Filter>源文件</Filter>
    </ClCompile>
  </ItemGroup>
</Project>