<?xml version="1.0" encoding="utf-8"?>
<Project ToolsVersion="4.0" xmlns="http://schemas.microsoft.com/developer/msbuild/2003">
  <ItemGroup>
    <Filter Include="源文件">
      <UniqueIdentifier>{4FC737F1-C7A5-4376-A066-2A32D752A2FF}</UniqueIdentifier>
      <Extensions>cpp;c;cc;cxx;c++;cppm;ixx;def;odl;idl;hpj;bat;asm;asmx</Extensions>
    </Filter>
    <Filter Include="头文件">
      <UniqueIdentifier>{93995380-89BD-4b04-88EB-625FBE52EBFB}</UniqueIdentifier>
      <Extensions>h;hh;hpp;hxx;h++;hm;inl;inc;ipp;xsd</Extensions>
    </Filter>
    <Filter Include="资源文件">
      <UniqueIdentifier>{67DA6AB6-F800-4c08-8B7A-83BB121AAD01}</UniqueIdentifier>
      <Extensions>rc;ico;cur;bmp;dlg;rc2;rct;bin;rgs;gif;jpg;jpeg;jpe;resx;tiff;tif;png;wav;mfcribbon-ms</Extensions>
    </Filter>
  </ItemGroup>
  <ItemGroup>
    <None Include="packages.config" />
  </ItemGroup>
  <ItemGroup>
    <ClInclude Include="NoaEngine\Animator.h">
      <Filter>头文件</Filter>
    </ClInclude>
    <ClInclude Include="NoaEngine\Audio.h">
      <Filter>头文件</Filter>
    </ClInclude>
    <ClInclude Include="NoaEngine\Actor.h">
      <Filter>头文件</Filter>
    </ClInclude>
    <ClInclude Include="NoaEngine\Camera.h">
      <Filter>头文件</Filter>
    </ClInclude>
    <ClInclude Include="NoaEngine\InputSystem.h">
      <Filter>头文件</Filter>
    </ClInclude>
    <ClInclude Include="NoaEngine\NoaAction.h">
      <Filter>头文件</Filter>
    </ClInclude>
    <ClInclude Include="NoaEngine\NoaEngine.h">
      <Filter>头文件</Filter>
    </ClInclude>
    <ClInclude Include="NoaEngine\NoaGUI.h">
      <Filter>头文件</Filter>
    </ClInclude>
    <ClInclude Include="NoaEngine\NoaMath.h">
      <Filter>头文件</Filter>
    </ClInclude>
    <ClInclude Include="NoaEngine\Physics.h">
      <Filter>头文件</Filter>
    </ClInclude>
    <ClInclude Include="NoaEngine\Renderer.h">
      <Filter>头文件</Filter>
    </ClInclude>
    <ClInclude Include="NoaEngine\Scene.h">
      <Filter>头文件</Filter>
    </ClInclude>
    <ClInclude Include="NoaEngine\Sprite.h">
      <Filter>头文件</Filter>
    </ClInclude>
    <ClInclude Include="NoaEngine\StateMachine.h">
      <Filter>头文件</Filter>
    </ClInclude>
    <ClInclude Include="NoaEngine\Graphic.h">
      <Filter>头文件</Filter>
    </ClInclude>
    <ClInclude Include="NoaEngine\Transform.h">
      <Filter>头文件</Filter>
    </ClInclude>
    <ClInclude Include="NoaEngine\Resource.h">
      <Filter>头文件</Filter>
    </ClInclude>
    <ClInclude Include="NoaEngine\ScriptableActor.h">
      <Filter>头文件</Filter>
    </ClInclude>
    <ClInclude Include="NoaEngine\ActorComponent.h">
      <Filter>头文件</Filter>
    </ClInclude>
    <ClInclude Include="NoaEngine\NObject.h">
      <Filter>头文件</Filter>
    </ClInclude>
    <ClInclude Include="NoaEngine\Time.h">
      <Filter>头文件</Filter>
    </ClInclude>
    <ClInclude Include="NoaEngine\Platform.h">
      <Filter>头文件</Filter>
    </ClInclude>
    <ClInclude Include="NoaEngine\GLRenderer.h">
      <Filter>头文件</Filter>
    </ClInclude>
    <ClInclude Include="NoaEngine\Texture.h">
      <Filter>头文件</Filter>
    </ClInclude>
    <ClInclude Include="NoaEngine\GLTexture.h">
      <Filter>头文件</Filter>
    </ClInclude>
    <ClInclude Include="NoaEngine\Platform_Windows.h">
      <Filter>头文件</Filter>
    </ClInclude>
    <ClInclude Include="NoaEngine\SpriteRenderer.h">
      <Filter>头文件</Filter>
    </ClInclude>
    <ClInclude Include="NoaEngine\Collider2D.h">
      <Filter>头文件</Filter>
    </ClInclude>
    <ClInclude Include="NoaEngine\PhysicsSystem.h">
      <Filter>头文件</Filter>
    </ClInclude>
    <ClInclude Include="NoaEngine\SDLHelper.h">
      <Filter>头文件</Filter>
    </ClInclude>
    <ClInclude Include="NoaEngine\GLHelper.h">
      <Filter>头文件</Filter>
    </ClInclude>
    <ClInclude Include="NoaEngine\Debug.h">
      <Filter>头文件</Filter>
    </ClInclude>
    <ClInclude Include="NoaEngine\IPool.h">
      <Filter>头文件</Filter>
    </ClInclude>
    <ClInclude Include="NoaEngine\ObjectPool.h">
      <Filter>头文件</Filter>
    </ClInclude>
    <ClInclude Include="NoaEngine\IPoolObjectFactroy.h">
      <Filter>头文件</Filter>
    </ClInclude>
    <ClInclude Include="NoaEngine\ActorPool.h">
      <Filter>头文件</Filter>
    </ClInclude>
    <ClInclude Include="NoaEngine\ActorPoolFactory.h">
      <Filter>头文件</Filter>
    </ClInclude>
    <ClInclude Include="NoaEngine\SDLRenderer.h">
      <Filter>头文件</Filter>
    </ClInclude>
    <ClInclude Include="NoaEngine\SDLTexture.h">
      <Filter>头文件</Filter>
    </ClInclude>
  </ItemGroup>
  <ItemGroup>
    <ClCompile Include="NoaEngine\Animator.cpp">
      <Filter>源文件</Filter>
    </ClCompile>
    <ClCompile Include="NoaEngine\Audio.cpp">
      <Filter>源文件</Filter>
    </ClCompile>
    <ClCompile Include="NoaEngine\Actor.cpp">
      <Filter>源文件</Filter>
    </ClCompile>
    <ClCompile Include="NoaEngine\Camera.cpp">
      <Filter>源文件</Filter>
    </ClCompile>
    <ClCompile Include="NoaEngine\InputSystem.cpp">
      <Filter>源文件</Filter>
    </ClCompile>
    <ClCompile Include="NoaEngine\NoaAction.cpp">
      <Filter>源文件</Filter>
    </ClCompile>
    <ClCompile Include="NoaEngine\NoaEngine.cpp">
      <Filter>源文件</Filter>
    </ClCompile>
    <ClCompile Include="NoaEngine\NoaGUI.cpp">
      <Filter>源文件</Filter>
    </ClCompile>
    <ClCompile Include="NoaEngine\NoaMath.cpp">
      <Filter>源文件</Filter>
    </ClCompile>
    <ClCompile Include="NoaEngine\Physics.cpp">
      <Filter>源文件</Filter>
    </ClCompile>
    <ClCompile Include="NoaEngine\Renderer.cpp">
      <Filter>源文件</Filter>
    </ClCompile>
    <ClCompile Include="NoaEngine\Scene.cpp">
      <Filter>源文件</Filter>
    </ClCompile>
    <ClCompile Include="NoaEngine\Sprite.cpp">
      <Filter>源文件</Filter>
    </ClCompile>
    <ClCompile Include="NoaEngine\StateMachine.cpp">
      <Filter>源文件</Filter>
    </ClCompile>
    <ClCompile Include="NoaEngine\Transform.cpp">
      <Filter>源文件</Filter>
    </ClCompile>
    <ClCompile Include="NoaEngine\Resource.cpp">
      <Filter>源文件</Filter>
    </ClCompile>
    <ClCompile Include="NoaEngine\ActorComponent.cpp">
      <Filter>源文件</Filter>
    </ClCompile>
    <ClCompile Include="NoaEngine\NObject.cpp">
      <Filter>源文件</Filter>
    </ClCompile>
    <ClCompile Include="NoaEngine\Graphic.cpp">
      <Filter>源文件</Filter>
    </ClCompile>
    <ClCompile Include="NoaEngine\Time.cpp">
      <Filter>源文件</Filter>
    </ClCompile>
    <ClCompile Include="NoaEngine\Platform.cpp">
      <Filter>源文件</Filter>
    </ClCompile>
    <ClCompile Include="NoaEngine\GLRenderer.cpp">
      <Filter>源文件</Filter>
    </ClCompile>
    <ClCompile Include="NoaEngine\Texture.cpp">
      <Filter>源文件</Filter>
    </ClCompile>
    <ClCompile Include="NoaEngine\GLTexture.cpp">
      <Filter>源文件</Filter>
    </ClCompile>
    <ClCompile Include="NoaEngine\Platform_Windows.cpp">
      <Filter>源文件</Filter>
    </ClCompile>
    <ClCompile Include="NoaEngine\SpriteRenderer.cpp">
      <Filter>源文件</Filter>
    </ClCompile>
    <ClCompile Include="NoaEngine\Collider2D.cpp">
      <Filter>源文件</Filter>
    </ClCompile>
    <ClCompile Include="NoaEngine\PhysicsSystem.cpp">
      <Filter>源文件</Filter>
    </ClCompile>
    <ClCompile Include="NoaEngine\Debug.cpp">
      <Filter>源文件</Filter>
    </ClCompile>
    <ClCompile Include="NoaEngine\IPoolObjectFactroy.cpp">
      <Filter>源文件</Filter>
    </ClCompile>
    <ClCompile Include="NoaEngine\ActorPool.cpp">
      <Filter>源文件</Filter>
    </ClCompile>
    <ClCompile Include="NoaEngine\ActorPoolFactory.cpp">
      <Filter>源文件</Filter>
    </ClCompile>
    <ClCompile Include="NoaEngine\SDLRenderer.cpp">
      <Filter>源文件</Filter>
    </ClCompile>
    <ClCompile Include="NoaEngine\SDLTexture.cpp">
      <Filter>源文件</Filter>
    </ClCompile>
  </ItemGroup>
</Project>