<?xml version="1.0" encoding="utf-8"?>
<Project ToolsVersion="4.0" xmlns="http://schemas.microsoft.com/developer/msbuild/2003">
  <ItemGroup>
    <Filter Include="源文件">
      <UniqueIdentifier>{4FC737F1-C7A5-4376-A066-2A32D752A2FF}</UniqueIdentifier>
      <Extensions>cpp;c;cc;cxx;c++;cppm;ixx;def;odl;idl;hpj;bat;asm;asmx</Extensions>
    </Filter>
    <Filter Include="头文件">
      <UniqueIdentifier>{93995380-89BD-4b04-88EB-625FBE52EBFB}</UniqueIdentifier>
      <Extensions>h;hh;hpp;hxx;h++;hm;inl;inc;ipp;xsd</Extensions>
    </Filter>
    <Filter Include="资源文件">
      <UniqueIdentifier>{67DA6AB6-F800-4c08-8B7A-83BB121AAD01}</UniqueIdentifier>
      <Extensions>rc;ico;cur;bmp;dlg;rc2;rct;bin;rgs;gif;jpg;jpeg;jpe;resx;tiff;tif;png;wav;mfcribbon-ms</Extensions>
    </Filter>
    <Filter Include="头文件\Engine">
      <UniqueIdentifier>{0e8ef909-e28b-4dff-b726-12036e4a9c95}</UniqueIdentifier>
    </Filter>
  </ItemGroup>
  <ItemGroup>
    <ClCompile Include="..\..\NoaEngine\Engine\Actor.cpp">
      <Filter>头文件\Engine</Filter>
    </ClCompile>
    <ClCompile Include="..\..\NoaEngine\Engine\ActorComponent.cpp">
      <Filter>头文件\Engine</Filter>
    </ClCompile>
    <ClCompile Include="..\..\NoaEngine\Engine\ActorMotion.cpp">
      <Filter>头文件\Engine</Filter>
    </ClCompile>
    <ClCompile Include="..\..\NoaEngine\Engine\ActorPool.cpp">
      <Filter>头文件\Engine</Filter>
    </ClCompile>
    <ClCompile Include="..\..\NoaEngine\Engine\ActorPoolFactory.cpp">
      <Filter>头文件\Engine</Filter>
    </ClCompile>
    <ClCompile Include="..\..\NoaEngine\Engine\Animation.cpp">
      <Filter>头文件\Engine</Filter>
    </ClCompile>
    <ClCompile Include="..\..\NoaEngine\Engine\Application.cpp">
      <Filter>头文件\Engine</Filter>
    </ClCompile>
    <ClCompile Include="..\..\NoaEngine\Engine\AudioSource.cpp">
      <Filter>头文件\Engine</Filter>
    </ClCompile>
    <ClCompile Include="..\..\NoaEngine\Engine\AudioSystem.cpp">
      <Filter>头文件\Engine</Filter>
    </ClCompile>
    <ClCompile Include="..\..\NoaEngine\Engine\AudioSystem_SDL.cpp">
      <Filter>头文件\Engine</Filter>
    </ClCompile>
    <ClCompile Include="..\..\NoaEngine\Engine\BoxCollider2D.cpp">
      <Filter>头文件\Engine</Filter>
    </ClCompile>
    <ClCompile Include="..\..\NoaEngine\Engine\Camera.cpp">
      <Filter>头文件\Engine</Filter>
    </ClCompile>
    <ClCompile Include="..\..\NoaEngine\Engine\Camera2D.cpp">
      <Filter>头文件\Engine</Filter>
    </ClCompile>
    <ClCompile Include="..\..\NoaEngine\Engine\CircleCollider2D.cpp">
      <Filter>头文件\Engine</Filter>
    </ClCompile>
    <ClCompile Include="..\..\NoaEngine\Engine\Collider2D.cpp">
      <Filter>头文件\Engine</Filter>
    </ClCompile>
    <ClCompile Include="..\..\NoaEngine\Engine\Debug.cpp">
      <Filter>头文件\Engine</Filter>
    </ClCompile>
    <ClCompile Include="..\..\NoaEngine\Engine\Engine.cpp">
      <Filter>头文件\Engine</Filter>
    </ClCompile>
    <ClCompile Include="..\..\NoaEngine\Engine\EngineExtension.cpp">
      <Filter>头文件\Engine</Filter>
    </ClCompile>
    <ClCompile Include="..\..\NoaEngine\Engine\Font.cpp">
      <Filter>头文件\Engine</Filter>
    </ClCompile>
    <ClCompile Include="..\..\NoaEngine\Engine\FontAsset.cpp">
      <Filter>头文件\Engine</Filter>
    </ClCompile>
    <ClCompile Include="..\..\NoaEngine\Engine\GLRenderer.cpp">
      <Filter>头文件\Engine</Filter>
    </ClCompile>
    <ClCompile Include="..\..\NoaEngine\Engine\GLShader.cpp">
      <Filter>头文件\Engine</Filter>
    </ClCompile>
    <ClCompile Include="..\..\NoaEngine\Engine\GLTexture.cpp">
      <Filter>头文件\Engine</Filter>
    </ClCompile>
    <ClCompile Include="..\..\NoaEngine\Engine\Graphic.cpp">
      <Filter>头文件\Engine</Filter>
    </ClCompile>
    <ClCompile Include="..\..\NoaEngine\Engine\Input.cpp">
      <Filter>头文件\Engine</Filter>
    </ClCompile>
    <ClCompile Include="..\..\NoaEngine\Engine\IOStruct.cpp">
      <Filter>头文件\Engine</Filter>
    </ClCompile>
    <ClCompile Include="..\..\NoaEngine\Engine\IPoolObjectFactroy.cpp">
      <Filter>头文件\Engine</Filter>
    </ClCompile>
    <ClCompile Include="..\..\NoaEngine\Engine\NoaAction.cpp">
      <Filter>头文件\Engine</Filter>
    </ClCompile>
    <ClCompile Include="..\..\NoaEngine\Engine\NoaGUI.cpp">
      <Filter>头文件\Engine</Filter>
    </ClCompile>
    <ClCompile Include="..\..\NoaEngine\Engine\NoaMath.cpp">
      <Filter>头文件\Engine</Filter>
    </ClCompile>
    <ClCompile Include="..\..\NoaEngine\Engine\NObject.cpp">
      <Filter>头文件\Engine</Filter>
    </ClCompile>
    <ClCompile Include="..\..\NoaEngine\Engine\PhysicsSystem.cpp">
      <Filter>头文件\Engine</Filter>
    </ClCompile>
    <ClCompile Include="..\..\NoaEngine\Engine\Platform.cpp">
      <Filter>头文件\Engine</Filter>
    </ClCompile>
    <ClCompile Include="..\..\NoaEngine\Engine\Platform_Linux.cpp">
      <Filter>头文件\Engine</Filter>
    </ClCompile>
    <ClCompile Include="..\..\NoaEngine\Engine\Platform_Windows.cpp">
      <Filter>头文件\Engine</Filter>
    </ClCompile>
    <ClCompile Include="..\..\NoaEngine\Engine\Renderer.cpp">
      <Filter>头文件\Engine</Filter>
    </ClCompile>
    <ClCompile Include="..\..\NoaEngine\Engine\Resource.cpp">
      <Filter>头文件\Engine</Filter>
    </ClCompile>
    <ClCompile Include="..\..\NoaEngine\Engine\Rigidbody.cpp">
      <Filter>头文件\Engine</Filter>
    </ClCompile>
    <ClCompile Include="..\..\NoaEngine\Engine\Scene.cpp">
      <Filter>头文件\Engine</Filter>
    </ClCompile>
    <ClCompile Include="..\..\NoaEngine\Engine\SceneManager.cpp">
      <Filter>头文件\Engine</Filter>
    </ClCompile>
    <ClCompile Include="..\..\NoaEngine\Engine\Screen.cpp">
      <Filter>头文件\Engine</Filter>
    </ClCompile>
    <ClCompile Include="..\..\NoaEngine\Engine\SDLRenderer.cpp">
      <Filter>头文件\Engine</Filter>
    </ClCompile>
    <ClCompile Include="..\..\NoaEngine\Engine\SDLTexture.cpp">
      <Filter>头文件\Engine</Filter>
    </ClCompile>
    <ClCompile Include="..\..\NoaEngine\Engine\Sprite.cpp">
      <Filter>头文件\Engine</Filter>
    </ClCompile>
    <ClCompile Include="..\..\NoaEngine\Engine\SpriteRenderer.cpp">
      <Filter>头文件\Engine</Filter>
    </ClCompile>
    <ClCompile Include="..\..\NoaEngine\Engine\State.cpp">
      <Filter>头文件\Engine</Filter>
    </ClCompile>
    <ClCompile Include="..\..\NoaEngine\Engine\StateMachine.cpp">
      <Filter>头文件\Engine</Filter>
    </ClCompile>
    <ClCompile Include="..\..\NoaEngine\Engine\Texture.cpp">
      <Filter>头文件\Engine</Filter>
    </ClCompile>
    <ClCompile Include="..\..\NoaEngine\Engine\TileCollider2D.cpp">
      <Filter>头文件\Engine</Filter>
    </ClCompile>
    <ClCompile Include="..\..\NoaEngine\Engine\TileMap.cpp">
      <Filter>头文件\Engine</Filter>
    </ClCompile>
    <ClCompile Include="..\..\NoaEngine\Engine\TileMapInfo.cpp">
      <Filter>头文件\Engine</Filter>
    </ClCompile>
    <ClCompile Include="..\..\NoaEngine\Engine\TileMapRenderer.cpp">
      <Filter>头文件\Engine</Filter>
    </ClCompile>
    <ClCompile Include="..\..\NoaEngine\Engine\Time.cpp">
      <Filter>头文件\Engine</Filter>
    </ClCompile>
    <ClCompile Include="..\..\NoaEngine\Engine\Transform.cpp">
      <Filter>头文件\Engine</Filter>
    </ClCompile>
    <ClCompile Include="..\..\NoaEngine\Engine\UIBody.cpp">
      <Filter>头文件\Engine</Filter>
    </ClCompile>
    <ClCompile Include="..\..\NoaEngine\Engine\UIButton.cpp">
      <Filter>头文件\Engine</Filter>
    </ClCompile>
    <ClCompile Include="..\..\NoaEngine\Engine\UIComponent.cpp">
      <Filter>头文件\Engine</Filter>
    </ClCompile>
    <ClCompile Include="..\..\NoaEngine\Engine\UIContainer.cpp">
      <Filter>头文件\Engine</Filter>
    </ClCompile>
    <ClCompile Include="..\..\NoaEngine\Engine\UIDocument.cpp">
      <Filter>头文件\Engine</Filter>
    </ClCompile>
    <ClCompile Include="..\..\NoaEngine\Engine\UIHub.cpp">
      <Filter>头文件\Engine</Filter>
    </ClCompile>
    <ClCompile Include="..\..\NoaEngine\Engine\UIImage.cpp">
      <Filter>头文件\Engine</Filter>
    </ClCompile>
    <ClCompile Include="..\..\NoaEngine\Engine\UILabel.cpp">
      <Filter>头文件\Engine</Filter>
    </ClCompile>
    <ClCompile Include="..\..\NoaEngine\Engine\UIScript.cpp">
      <Filter>头文件\Engine</Filter>
    </ClCompile>
    <ClCompile Include="..\..\NoaEngine\Engine\UIScrollBar.cpp">
      <Filter>头文件\Engine</Filter>
    </ClCompile>
    <ClCompile Include="..\..\NoaEngine\Engine\UISlider.cpp">
      <Filter>头文件\Engine</Filter>
    </ClCompile>
    <ClCompile Include="main.cpp">
      <Filter>源文件</Filter>
    </ClCompile>
    <ClCompile Include="MainMenuUI.cpp">
      <Filter>源文件</Filter>
    </ClCompile>
  </ItemGroup>
  <ItemGroup>
    <ClInclude Include="..\..\NoaEngine\Engine\Actor.h">
      <Filter>头文件\Engine</Filter>
    </ClInclude>
    <ClInclude Include="..\..\NoaEngine\Engine\ActorComponent.h">
      <Filter>头文件\Engine</Filter>
    </ClInclude>
    <ClInclude Include="..\..\NoaEngine\Engine\ActorMotion.h">
      <Filter>头文件\Engine</Filter>
    </ClInclude>
    <ClInclude Include="..\..\NoaEngine\Engine\ActorPool.h">
      <Filter>头文件\Engine</Filter>
    </ClInclude>
    <ClInclude Include="..\..\NoaEngine\Engine\ActorPoolFactory.h">
      <Filter>头文件\Engine</Filter>
    </ClInclude>
    <ClInclude Include="..\..\NoaEngine\Engine\Animation.h">
      <Filter>头文件\Engine</Filter>
    </ClInclude>
    <ClInclude Include="..\..\NoaEngine\Engine\Application.h">
      <Filter>头文件\Engine</Filter>
    </ClInclude>
    <ClInclude Include="..\..\NoaEngine\Engine\AudioSource.h">
      <Filter>头文件\Engine</Filter>
    </ClInclude>
    <ClInclude Include="..\..\NoaEngine\Engine\AudioSystem.h">
      <Filter>头文件\Engine</Filter>
    </ClInclude>
    <ClInclude Include="..\..\NoaEngine\Engine\AudioSystem_SDL.h">
      <Filter>头文件\Engine</Filter>
    </ClInclude>
    <ClInclude Include="..\..\NoaEngine\Engine\BoxCollider2D.h">
      <Filter>头文件\Engine</Filter>
    </ClInclude>
    <ClInclude Include="..\..\NoaEngine\Engine\Camera.h">
      <Filter>头文件\Engine</Filter>
    </ClInclude>
    <ClInclude Include="..\..\NoaEngine\Engine\Camera2D.h">
      <Filter>头文件\Engine</Filter>
    </ClInclude>
    <ClInclude Include="..\..\NoaEngine\Engine\CircleCollider2D.h">
      <Filter>头文件\Engine</Filter>
    </ClInclude>
    <ClInclude Include="..\..\NoaEngine\Engine\Collider2D.h">
      <Filter>头文件\Engine</Filter>
    </ClInclude>
    <ClInclude Include="..\..\NoaEngine\Engine\Core.h">
      <Filter>头文件\Engine</Filter>
    </ClInclude>
    <ClInclude Include="..\..\NoaEngine\Engine\Debug.h">
      <Filter>头文件\Engine</Filter>
    </ClInclude>
    <ClInclude Include="..\..\NoaEngine\Engine\Engine.h">
      <Filter>头文件\Engine</Filter>
    </ClInclude>
    <ClInclude Include="..\..\NoaEngine\Engine\EngineExtension.h">
      <Filter>头文件\Engine</Filter>
    </ClInclude>
    <ClInclude Include="..\..\NoaEngine\Engine\Font.h">
      <Filter>头文件\Engine</Filter>
    </ClInclude>
    <ClInclude Include="..\..\NoaEngine\Engine\FontAsset.h">
      <Filter>头文件\Engine</Filter>
    </ClInclude>
    <ClInclude Include="..\..\NoaEngine\Engine\GLHelper.h">
      <Filter>头文件\Engine</Filter>
    </ClInclude>
    <ClInclude Include="..\..\NoaEngine\Engine\GLRenderer.h">
      <Filter>头文件\Engine</Filter>
    </ClInclude>
    <ClInclude Include="..\..\NoaEngine\Engine\GLShader.h">
      <Filter>头文件\Engine</Filter>
    </ClInclude>
    <ClInclude Include="..\..\NoaEngine\Engine\GLTexture.h">
      <Filter>头文件\Engine</Filter>
    </ClInclude>
    <ClInclude Include="..\..\NoaEngine\Engine\Graphic.h">
      <Filter>头文件\Engine</Filter>
    </ClInclude>
    <ClInclude Include="..\..\NoaEngine\Engine\Input.h">
      <Filter>头文件\Engine</Filter>
    </ClInclude>
    <ClInclude Include="..\..\NoaEngine\Engine\IOCode.h">
      <Filter>头文件\Engine</Filter>
    </ClInclude>
    <ClInclude Include="..\..\NoaEngine\Engine\IOStruct.h">
      <Filter>头文件\Engine</Filter>
    </ClInclude>
    <ClInclude Include="..\..\NoaEngine\Engine\IPool.h">
      <Filter>头文件\Engine</Filter>
    </ClInclude>
    <ClInclude Include="..\..\NoaEngine\Engine\IPoolObjectFactroy.h">
      <Filter>头文件\Engine</Filter>
    </ClInclude>
    <ClInclude Include="..\..\NoaEngine\Engine\NoaAction.h">
      <Filter>头文件\Engine</Filter>
    </ClInclude>
    <ClInclude Include="..\..\NoaEngine\Engine\NoaGUI.h">
      <Filter>头文件\Engine</Filter>
    </ClInclude>
    <ClInclude Include="..\..\NoaEngine\Engine\NoaMath.h">
      <Filter>头文件\Engine</Filter>
    </ClInclude>
    <ClInclude Include="..\..\NoaEngine\Engine\NObject.h">
      <Filter>头文件\Engine</Filter>
    </ClInclude>
    <ClInclude Include="..\..\NoaEngine\Engine\ObjectPool.h">
      <Filter>头文件\Engine</Filter>
    </ClInclude>
    <ClInclude Include="..\..\NoaEngine\Engine\PhysicsSystem.h">
      <Filter>头文件\Engine</Filter>
    </ClInclude>
    <ClInclude Include="..\..\NoaEngine\Engine\Platform.h">
      <Filter>头文件\Engine</Filter>
    </ClInclude>
    <ClInclude Include="..\..\NoaEngine\Engine\Platform_Linux.h">
      <Filter>头文件\Engine</Filter>
    </ClInclude>
    <ClInclude Include="..\..\NoaEngine\Engine\Platform_Windows.h">
      <Filter>头文件\Engine</Filter>
    </ClInclude>
    <ClInclude Include="..\..\NoaEngine\Engine\Renderer.h">
      <Filter>头文件\Engine</Filter>
    </ClInclude>
    <ClInclude Include="..\..\NoaEngine\Engine\Resource.h">
      <Filter>头文件\Engine</Filter>
    </ClInclude>
    <ClInclude Include="..\..\NoaEngine\Engine\Rigidbody.h">
      <Filter>头文件\Engine</Filter>
    </ClInclude>
    <ClInclude Include="..\..\NoaEngine\Engine\Scene.h">
      <Filter>头文件\Engine</Filter>
    </ClInclude>
    <ClInclude Include="..\..\NoaEngine\Engine\SceneManager.h">
      <Filter>头文件\Engine</Filter>
    </ClInclude>
    <ClInclude Include="..\..\NoaEngine\Engine\Screen.h">
      <Filter>头文件\Engine</Filter>
    </ClInclude>
    <ClInclude Include="..\..\NoaEngine\Engine\SDLHelper.h">
      <Filter>头文件\Engine</Filter>
    </ClInclude>
    <ClInclude Include="..\..\NoaEngine\Engine\SDLRenderer.h">
      <Filter>头文件\Engine</Filter>
    </ClInclude>
    <ClInclude Include="..\..\NoaEngine\Engine\SDLTexture.h">
      <Filter>头文件\Engine</Filter>
    </ClInclude>
    <ClInclude Include="..\..\NoaEngine\Engine\Sprite.h">
      <Filter>头文件\Engine</Filter>
    </ClInclude>
    <ClInclude Include="..\..\NoaEngine\Engine\SpriteRenderer.h">
      <Filter>头文件\Engine</Filter>
    </ClInclude>
    <ClInclude Include="..\..\NoaEngine\Engine\State.h">
      <Filter>头文件\Engine</Filter>
    </ClInclude>
    <ClInclude Include="..\..\NoaEngine\Engine\StateMachine.h">
      <Filter>头文件\Engine</Filter>
    </ClInclude>
    <ClInclude Include="..\..\NoaEngine\Engine\Texture.h">
      <Filter>头文件\Engine</Filter>
    </ClInclude>
    <ClInclude Include="..\..\NoaEngine\Engine\TileCollider2D.h">
      <Filter>头文件\Engine</Filter>
    </ClInclude>
    <ClInclude Include="..\..\NoaEngine\Engine\TileMap.h">
      <Filter>头文件\Engine</Filter>
    </ClInclude>
    <ClInclude Include="..\..\NoaEngine\Engine\TileMapInfo.h">
      <Filter>头文件\Engine</Filter>
    </ClInclude>
    <ClInclude Include="..\..\NoaEngine\Engine\TileMapRenderer.h">
      <Filter>头文件\Engine</Filter>
    </ClInclude>
    <ClInclude Include="..\..\NoaEngine\Engine\Time.h">
      <Filter>头文件\Engine</Filter>
    </ClInclude>
    <ClInclude Include="..\..\NoaEngine\Engine\Transform.h">
      <Filter>头文件\Engine</Filter>
    </ClInclude>
    <ClInclude Include="..\..\NoaEngine\Engine\UIBody.h">
      <Filter>头文件\Engine</Filter>
    </ClInclude>
    <ClInclude Include="..\..\NoaEngine\Engine\UIButton.h">
      <Filter>头文件\Engine</Filter>
    </ClInclude>
    <ClInclude Include="..\..\NoaEngine\Engine\UIComponent.h">
      <Filter>头文件\Engine</Filter>
    </ClInclude>
    <ClInclude Include="..\..\NoaEngine\Engine\UIContainer.h">
      <Filter>头文件\Engine</Filter>
    </ClInclude>
    <ClInclude Include="..\..\NoaEngine\Engine\UIDocument.h">
      <Filter>头文件\Engine</Filter>
    </ClInclude>
    <ClInclude Include="..\..\NoaEngine\Engine\UIHub.h">
      <Filter>头文件\Engine</Filter>
    </ClInclude>
    <ClInclude Include="..\..\NoaEngine\Engine\UIImage.h">
      <Filter>头文件\Engine</Filter>
    </ClInclude>
    <ClInclude Include="..\..\NoaEngine\Engine\UILabel.h">
      <Filter>头文件\Engine</Filter>
    </ClInclude>
    <ClInclude Include="..\..\NoaEngine\Engine\UIScript.h">
      <Filter>头文件\Engine</Filter>
    </ClInclude>
    <ClInclude Include="..\..\NoaEngine\Engine\UIScrollBar.h">
      <Filter>头文件\Engine</Filter>
    </ClInclude>
    <ClInclude Include="..\..\NoaEngine\Engine\UISlider.h">
      <Filter>头文件\Engine</Filter>
    </ClInclude>
    <ClInclude Include="NoaEngine.h">
      <Filter>头文件</Filter>
    </ClInclude>
    <ClInclude Include="MainMenuUI.h">
      <Filter>头文件</Filter>
    </ClInclude>
  </ItemGroup>
  <ItemGroup>
    <None Include="packages.config" />
  </ItemGroup>
</Project>