
Microsoft Visual Studio Solution File, Format Version 12.00
# Visual Studio Version 17
VisualStudioVersion = 17.4.33103.184
MinimumVisualStudioVersion = 10.0.40219.1
Project("{8BC9CEB8-8B4A-11D0-8D11-00A0C91BC942}") = "NoaEngine", "NoaEngine\NoaEngine.vcxproj", "{13E5B0A3-5520-40D8-B4C4-017F7549D2B4}"
EndProject
Project("{8BC9CEB8-8B4A-11D0-8D11-00A0C91BC942}") = "NoaSpriteTool", "NoaSpriteTool\NoaSpriteTool.vcxproj", "{406BB644-CD6F-4227-AA82-07E1DA6124C1}"
EndProject
Project("{8BC9CEB8-8B4A-11D0-8D11-00A0C91BC942}") = "NoaEngine-GL", "NoaEngine-GL\NoaEngine-GL.vcxproj", "{71079942-C27F-4A5E-B3B9-66214E47808E}"
EndProject
Project("{FAE04EC0-301F-11D3-BF4B-00C04F79EFBC}") = "NoaTool", "NoaTool\NoaTool.csproj", "{3AB4CE0D-4137-4EB1-A000-9A3FC9B7848D}"
EndProject
Project("{8BC9CEB8-8B4A-11D0-8D11-00A0C91BC942}") = "TileMapTool", "TileMapTool\TileMapTool.vcxproj", "{316DD4CB-F9A3-4E88-B4B1-4C28011F7ACC}"
EndProject
Project("{8BC9CEB8-8B4A-11D0-8D11-00A0C91BC942}") = "olcMario", "olcMario\olcMario.vcxproj", "{BE6C8D9C-46A9-46C2-A28D-7C4A5433D2D7}"
EndProject
Project("{8BC9CEB8-8B4A-11D0-8D11-00A0C91BC942}") = "Wolf3D", "Wolf3D\Wolf3D.vcxproj", "{A1CC3CB8-B9A1-444E-8805-1EF32EDB86E9}"
EndProject
Project("{8BC9CEB8-8B4A-11D0-8D11-00A0C91BC942}") = "Server", "Server\Server.vcxproj", "{0074E058-6C8F-4013-A0F4-974757FF6452}"
EndProject
Project("{8BC9CEB8-8B4A-11D0-8D11-00A0C91BC942}") = "Client", "Client\Client.vcxproj", "{09CEA2AC-E9F9-4808-B0A3-FC60BC0D1F49}"
EndProject
Project("{8BC9CEB8-8B4A-11D0-8D11-00A0C91BC942}") = "Snake", "Snake\Snake.vcxproj", "{3AA8102A-0C40-4EB5-8B32-136B976132D3}"
EndProject
Project("{8BC9CEB8-8B4A-11D0-8D11-00A0C91BC942}") = "SuperMario", "SuperMario\SuperMario.vcxproj", "{311E78E0-3964-4327-8115-610FDE66D9B4}"
EndProject
Global
	GlobalSection(SolutionConfigurationPlatforms) = preSolution
		Debug|Any CPU = Debug|Any CPU
		Debug|x64 = Debug|x64
		Debug|x86 = Debug|x86
		Release|Any CPU = Release|Any CPU
		Release|x64 = Release|x64
		Release|x86 = Release|x86
	EndGlobalSection
	GlobalSection(ProjectConfigurationPlatforms) = postSolution
		{13E5B0A3-5520-40D8-B4C4-017F7549D2B4}.Debug|Any CPU.ActiveCfg = Debug|x64
		{13E5B0A3-5520-40D8-B4C4-017F7549D2B4}.Debug|Any CPU.Build.0 = Debug|x64
		{13E5B0A3-5520-40D8-B4C4-017F7549D2B4}.Debug|x64.ActiveCfg = Debug|x64
		{13E5B0A3-5520-40D8-B4C4-017F7549D2B4}.Debug|x64.Build.0 = Debug|x64
		{13E5B0A3-5520-40D8-B4C4-017F7549D2B4}.Debug|x86.ActiveCfg = Debug|Win32
		{13E5B0A3-5520-40D8-B4C4-017F7549D2B4}.Debug|x86.Build.0 = Debug|Win32
		{13E5B0A3-5520-40D8-B4C4-017F7549D2B4}.Release|Any CPU.ActiveCfg = Release|x64
		{13E5B0A3-5520-40D8-B4C4-017F7549D2B4}.Release|Any CPU.Build.0 = Release|x64
		{13E5B0A3-5520-40D8-B4C4-017F7549D2B4}.Release|x64.ActiveCfg = Release|x64
		{13E5B0A3-5520-40D8-B4C4-017F7549D2B4}.Release|x64.Build.0 = Release|x64
		{13E5B0A3-5520-40D8-B4C4-017F7549D2B4}.Release|x86.ActiveCfg = Release|Win32
		{13E5B0A3-5520-40D8-B4C4-017F7549D2B4}.Release|x86.Build.0 = Release|Win32
		{406BB644-CD6F-4227-AA82-07E1DA6124C1}.Debug|Any CPU.ActiveCfg = Debug|x64
		{406BB644-CD6F-4227-AA82-07E1DA6124C1}.Debug|Any CPU.Build.0 = Debug|x64
		{406BB644-CD6F-4227-AA82-07E1DA6124C1}.Debug|x64.ActiveCfg = Debug|x64
		{406BB644-CD6F-4227-AA82-07E1DA6124C1}.Debug|x64.Build.0 = Debug|x64
		{406BB644-CD6F-4227-AA82-07E1DA6124C1}.Debug|x86.ActiveCfg = Debug|Win32
		{406BB644-CD6F-4227-AA82-07E1DA6124C1}.Debug|x86.Build.0 = Debug|Win32
		{406BB644-CD6F-4227-AA82-07E1DA6124C1}.Release|Any CPU.ActiveCfg = Release|x64
		{406BB644-CD6F-4227-AA82-07E1DA6124C1}.Release|Any CPU.Build.0 = Release|x64
		{406BB644-CD6F-4227-AA82-07E1DA6124C1}.Release|x64.ActiveCfg = Release|x64
		{406BB644-CD6F-4227-AA82-07E1DA6124C1}.Release|x64.Build.0 = Release|x64
		{406BB644-CD6F-4227-AA82-07E1DA6124C1}.Release|x86.ActiveCfg = Release|Win32
		{406BB644-CD6F-4227-AA82-07E1DA6124C1}.Release|x86.Build.0 = Release|Win32
		{71079942-C27F-4A5E-B3B9-66214E47808E}.Debug|Any CPU.ActiveCfg = Debug|x64
		{71079942-C27F-4A5E-B3B9-66214E47808E}.Debug|Any CPU.Build.0 = Debug|x64
		{71079942-C27F-4A5E-B3B9-66214E47808E}.Debug|x64.ActiveCfg = Debug|x64
		{71079942-C27F-4A5E-B3B9-66214E47808E}.Debug|x64.Build.0 = Debug|x64
		{71079942-C27F-4A5E-B3B9-66214E47808E}.Debug|x86.ActiveCfg = Debug|Win32
		{71079942-C27F-4A5E-B3B9-66214E47808E}.Debug|x86.Build.0 = Debug|Win32
		{71079942-C27F-4A5E-B3B9-66214E47808E}.Release|Any CPU.ActiveCfg = Release|x64
		{71079942-C27F-4A5E-B3B9-66214E47808E}.Release|Any CPU.Build.0 = Release|x64
		{71079942-C27F-4A5E-B3B9-66214E47808E}.Release|x64.ActiveCfg = Release|x64
		{71079942-C27F-4A5E-B3B9-66214E47808E}.Release|x64.Build.0 = Release|x64
		{71079942-C27F-4A5E-B3B9-66214E47808E}.Release|x86.ActiveCfg = Release|Win32
		{71079942-C27F-4A5E-B3B9-66214E47808E}.Release|x86.Build.0 = Release|Win32
		{3AB4CE0D-4137-4EB1-A000-9A3FC9B7848D}.Debug|Any CPU.ActiveCfg = Debug|Any CPU
		{3AB4CE0D-4137-4EB1-A000-9A3FC9B7848D}.Debug|Any CPU.Build.0 = Debug|Any CPU
		{3AB4CE0D-4137-4EB1-A000-9A3FC9B7848D}.Debug|x64.ActiveCfg = Debug|Any CPU
		{3AB4CE0D-4137-4EB1-A000-9A3FC9B7848D}.Debug|x64.Build.0 = Debug|Any CPU
		{3AB4CE0D-4137-4EB1-A000-9A3FC9B7848D}.Debug|x86.ActiveCfg = Debug|Any CPU
		{3AB4CE0D-4137-4EB1-A000-9A3FC9B7848D}.Debug|x86.Build.0 = Debug|Any CPU
		{3AB4CE0D-4137-4EB1-A000-9A3FC9B7848D}.Release|Any CPU.ActiveCfg = Release|Any CPU
		{3AB4CE0D-4137-4EB1-A000-9A3FC9B7848D}.Release|Any CPU.Build.0 = Release|Any CPU
		{3AB4CE0D-4137-4EB1-A000-9A3FC9B7848D}.Release|x64.ActiveCfg = Release|Any CPU
		{3AB4CE0D-4137-4EB1-A000-9A3FC9B7848D}.Release|x64.Build.0 = Release|Any CPU
		{3AB4CE0D-4137-4EB1-A000-9A3FC9B7848D}.Release|x86.ActiveCfg = Release|Any CPU
		{3AB4CE0D-4137-4EB1-A000-9A3FC9B7848D}.Release|x86.Build.0 = Release|Any CPU
		{316DD4CB-F9A3-4E88-B4B1-4C28011F7ACC}.Debug|Any CPU.ActiveCfg = Debug|x64
		{316DD4CB-F9A3-4E88-B4B1-4C28011F7ACC}.Debug|Any CPU.Build.0 = Debug|x64
		{316DD4CB-F9A3-4E88-B4B1-4C28011F7ACC}.Debug|x64.ActiveCfg = Debug|x64
		{316DD4CB-F9A3-4E88-B4B1-4C28011F7ACC}.Debug|x64.Build.0 = Debug|x64
		{316DD4CB-F9A3-4E88-B4B1-4C28011F7ACC}.Debug|x86.ActiveCfg = Debug|Win32
		{316DD4CB-F9A3-4E88-B4B1-4C28011F7ACC}.Debug|x86.Build.0 = Debug|Win32
		{316DD4CB-F9A3-4E88-B4B1-4C28011F7ACC}.Release|Any CPU.ActiveCfg = Release|x64
		{316DD4CB-F9A3-4E88-B4B1-4C28011F7ACC}.Release|Any CPU.Build.0 = Release|x64
		{316DD4CB-F9A3-4E88-B4B1-4C28011F7ACC}.Release|x64.ActiveCfg = Release|x64
		{316DD4CB-F9A3-4E88-B4B1-4C28011F7ACC}.Release|x64.Build.0 = Release|x64
		{316DD4CB-F9A3-4E88-B4B1-4C28011F7ACC}.Release|x86.ActiveCfg = Release|Win32
		{316DD4CB-F9A3-4E88-B4B1-4C28011F7ACC}.Release|x86.Build.0 = Release|Win32
		{BE6C8D9C-46A9-46C2-A28D-7C4A5433D2D7}.Debug|Any CPU.ActiveCfg = Debug|x64
		{BE6C8D9C-46A9-46C2-A28D-7C4A5433D2D7}.Debug|Any CPU.Build.0 = Debug|x64
		{BE6C8D9C-46A9-46C2-A28D-7C4A5433D2D7}.Debug|x64.ActiveCfg = Debug|x64
		{BE6C8D9C-46A9-46C2-A28D-7C4A5433D2D7}.Debug|x64.Build.0 = Debug|x64
		{BE6C8D9C-46A9-46C2-A28D-7C4A5433D2D7}.Debug|x86.ActiveCfg = Debug|Win32
		{BE6C8D9C-46A9-46C2-A28D-7C4A5433D2D7}.Debug|x86.Build.0 = Debug|Win32
		{BE6C8D9C-46A9-46C2-A28D-7C4A5433D2D7}.Release|Any CPU.ActiveCfg = Release|x64
		{BE6C8D9C-46A9-46C2-A28D-7C4A5433D2D7}.Release|Any CPU.Build.0 = Release|x64
		{BE6C8D9C-46A9-46C2-A28D-7C4A5433D2D7}.Release|x64.ActiveCfg = Release|x64
		{BE6C8D9C-46A9-46C2-A28D-7C4A5433D2D7}.Release|x64.Build.0 = Release|x64
		{BE6C8D9C-46A9-46C2-A28D-7C4A5433D2D7}.Release|x86.ActiveCfg = Release|Win32
		{BE6C8D9C-46A9-46C2-A28D-7C4A5433D2D7}.Release|x86.Build.0 = Release|Win32
		{A1CC3CB8-B9A1-444E-8805-1EF32EDB86E9}.Debug|Any CPU.ActiveCfg = Debug|x64
		{A1CC3CB8-B9A1-444E-8805-1EF32EDB86E9}.Debug|Any CPU.Build.0 = Debug|x64
		{A1CC3CB8-B9A1-444E-8805-1EF32EDB86E9}.Debug|x64.ActiveCfg = Debug|x64
		{A1CC3CB8-B9A1-444E-8805-1EF32EDB86E9}.Debug|x64.Build.0 = Debug|x64
		{A1CC3CB8-B9A1-444E-8805-1EF32EDB86E9}.Debug|x86.ActiveCfg = Debug|Win32
		{A1CC3CB8-B9A1-444E-8805-1EF32EDB86E9}.Debug|x86.Build.0 = Debug|Win32
		{A1CC3CB8-B9A1-444E-8805-1EF32EDB86E9}.Release|Any CPU.ActiveCfg = Release|x64
		{A1CC3CB8-B9A1-444E-8805-1EF32EDB86E9}.Release|Any CPU.Build.0 = Release|x64
		{A1CC3CB8-B9A1-444E-8805-1EF32EDB86E9}.Release|x64.ActiveCfg = Release|x64
		{A1CC3CB8-B9A1-444E-8805-1EF32EDB86E9}.Release|x64.Build.0 = Release|x64
		{A1CC3CB8-B9A1-444E-8805-1EF32EDB86E9}.Release|x86.ActiveCfg = Release|Win32
		{A1CC3CB8-B9A1-444E-8805-1EF32EDB86E9}.Release|x86.Build.0 = Release|Win32
		{0074E058-6C8F-4013-A0F4-974757FF6452}.Debug|Any CPU.ActiveCfg = Debug|x64
		{0074E058-6C8F-4013-A0F4-974757FF6452}.Debug|Any CPU.Build.0 = Debug|x64
		{0074E058-6C8F-4013-A0F4-974757FF6452}.Debug|x64.ActiveCfg = Debug|x64
		{0074E058-6C8F-4013-A0F4-974757FF6452}.Debug|x64.Build.0 = Debug|x64
		{0074E058-6C8F-4013-A0F4-974757FF6452}.Debug|x86.ActiveCfg = Debug|Win32
		{0074E058-6C8F-4013-A0F4-974757FF6452}.Debug|x86.Build.0 = Debug|Win32
		{0074E058-6C8F-4013-A0F4-974757FF6452}.Release|Any CPU.ActiveCfg = Release|x64
		{0074E058-6C8F-4013-A0F4-974757FF6452}.Release|Any CPU.Build.0 = Release|x64
		{0074E058-6C8F-4013-A0F4-974757FF6452}.Release|x64.ActiveCfg = Release|x64
		{0074E058-6C8F-4013-A0F4-974757FF6452}.Release|x64.Build.0 = Release|x64
		{0074E058-6C8F-4013-A0F4-974757FF6452}.Release|x86.ActiveCfg = Release|Win32
		{0074E058-6C8F-4013-A0F4-974757FF6452}.Release|x86.Build.0 = Release|Win32
		{09CEA2AC-E9F9-4808-B0A3-FC60BC0D1F49}.Debug|Any CPU.ActiveCfg = Debug|x64
		{09CEA2AC-E9F9-4808-B0A3-FC60BC0D1F49}.Debug|Any CPU.Build.0 = Debug|x64
		{09CEA2AC-E9F9-4808-B0A3-FC60BC0D1F49}.Debug|x64.ActiveCfg = Debug|x64
		{09CEA2AC-E9F9-4808-B0A3-FC60BC0D1F49}.Debug|x64.Build.0 = Debug|x64
		{09CEA2AC-E9F9-4808-B0A3-FC60BC0D1F49}.Debug|x86.ActiveCfg = Debug|Win32
		{09CEA2AC-E9F9-4808-B0A3-FC60BC0D1F49}.Debug|x86.Build.0 = Debug|Win32
		{09CEA2AC-E9F9-4808-B0A3-FC60BC0D1F49}.Release|Any CPU.ActiveCfg = Release|x64
		{09CEA2AC-E9F9-4808-B0A3-FC60BC0D1F49}.Release|Any CPU.Build.0 = Release|x64
		{09CEA2AC-E9F9-4808-B0A3-FC60BC0D1F49}.Release|x64.ActiveCfg = Release|x64
		{09CEA2AC-E9F9-4808-B0A3-FC60BC0D1F49}.Release|x64.Build.0 = Release|x64
		{09CEA2AC-E9F9-4808-B0A3-FC60BC0D1F49}.Release|x86.ActiveCfg = Release|Win32
		{09CEA2AC-E9F9-4808-B0A3-FC60BC0D1F49}.Release|x86.Build.0 = Release|Win32
		{3AA8102A-0C40-4EB5-8B32-136B976132D3}.Debug|Any CPU.ActiveCfg = Debug|x64
		{3AA8102A-0C40-4EB5-8B32-136B976132D3}.Debug|Any CPU.Build.0 = Debug|x64
		{3AA8102A-0C40-4EB5-8B32-136B976132D3}.Debug|x64.ActiveCfg = Debug|x64
		{3AA8102A-0C40-4EB5-8B32-136B976132D3}.Debug|x64.Build.0 = Debug|x64
		{3AA8102A-0C40-4EB5-8B32-136B976132D3}.Debug|x86.ActiveCfg = Debug|Win32
		{3AA8102A-0C40-4EB5-8B32-136B976132D3}.Debug|x86.Build.0 = Debug|Win32
		{3AA8102A-0C40-4EB5-8B32-136B976132D3}.Release|Any CPU.ActiveCfg = Release|x64
		{3AA8102A-0C40-4EB5-8B32-136B976132D3}.Release|Any CPU.Build.0 = Release|x64
		{3AA8102A-0C40-4EB5-8B32-136B976132D3}.Release|x64.ActiveCfg = Release|x64
		{3AA8102A-0C40-4EB5-8B32-136B976132D3}.Release|x64.Build.0 = Release|x64
		{3AA8102A-0C40-4EB5-8B32-136B976132D3}.Release|x86.ActiveCfg = Release|Win32
		{3AA8102A-0C40-4EB5-8B32-136B976132D3}.Release|x86.Build.0 = Release|Win32
		{311E78E0-3964-4327-8115-610FDE66D9B4}.Debug|Any CPU.ActiveCfg = Debug|x64
		{311E78E0-3964-4327-8115-610FDE66D9B4}.Debug|Any CPU.Build.0 = Debug|x64
		{311E78E0-3964-4327-8115-610FDE66D9B4}.Debug|x64.ActiveCfg = Debug|x64
		{311E78E0-3964-4327-8115-610FDE66D9B4}.Debug|x64.Build.0 = Debug|x64
		{311E78E0-3964-4327-8115-610FDE66D9B4}.Debug|x86.ActiveCfg = Debug|Win32
		{311E78E0-3964-4327-8115-610FDE66D9B4}.Debug|x86.Build.0 = Debug|Win32
		{311E78E0-3964-4327-8115-610FDE66D9B4}.Release|Any CPU.ActiveCfg = Release|x64
		{311E78E0-3964-4327-8115-610FDE66D9B4}.Release|Any CPU.Build.0 = Release|x64
		{311E78E0-3964-4327-8115-610FDE66D9B4}.Release|x64.ActiveCfg = Release|x64
		{311E78E0-3964-4327-8115-610FDE66D9B4}.Release|x64.Build.0 = Release|x64
		{311E78E0-3964-4327-8115-610FDE66D9B4}.Release|x86.ActiveCfg = Release|Win32
		{311E78E0-3964-4327-8115-610FDE66D9B4}.Release|x86.Build.0 = Release|Win32
	EndGlobalSection
	GlobalSection(SolutionProperties) = preSolution
		HideSolutionNode = FALSE
	EndGlobalSection
	GlobalSection(ExtensibilityGlobals) = postSolution
		SolutionGuid = {C0B06D15-8326-4146-8AB8-6E2F8CA53462}
	EndGlobalSection
EndGlobal
