<?xml version="1.0" encoding="utf-8"?>
<Project ToolsVersion="4.0" xmlns="http://schemas.microsoft.com/developer/msbuild/2003">
  <ItemGroup>
    <Filter Include="源文件">
      <UniqueIdentifier>{4FC737F1-C7A5-4376-A066-2A32D752A2FF}</UniqueIdentifier>
      <Extensions>cpp;c;cc;cxx;c++;cppm;ixx;def;odl;idl;hpj;bat;asm;asmx</Extensions>
    </Filter>
    <Filter Include="头文件">
      <UniqueIdentifier>{93995380-89BD-4b04-88EB-625FBE52EBFB}</UniqueIdentifier>
      <Extensions>h;hh;hpp;hxx;h++;hm;inl;inc;ipp;xsd</Extensions>
    </Filter>
    <Filter Include="资源文件">
      <UniqueIdentifier>{67DA6AB6-F800-4c08-8B7A-83BB121AAD01}</UniqueIdentifier>
      <Extensions>rc;ico;cur;bmp;dlg;rc2;rct;bin;rgs;gif;jpg;jpeg;jpe;resx;tiff;tif;png;wav;mfcribbon-ms</Extensions>
    </Filter>
    <Filter Include="头文件\core">
      <UniqueIdentifier>{16810a57-d861-4d60-b70d-aa74e2bc5517}</UniqueIdentifier>
    </Filter>
    <Filter Include="源文件\core">
      <UniqueIdentifier>{46dd4975-4571-4e80-ad6a-d94fe9f2e03e}</UniqueIdentifier>
    </Filter>
  </ItemGroup>
  <ItemGroup>
    <ClCompile Include="main.cpp">
      <Filter>源文件</Filter>
    </ClCompile>
    <ClCompile Include="..\NoaEngine\core\Animator.cpp">
      <Filter>源文件\core</Filter>
    </ClCompile>
    <ClCompile Include="..\NoaEngine\core\Audio.cpp">
      <Filter>源文件\core</Filter>
    </ClCompile>
    <ClCompile Include="..\NoaEngine\core\Camera.cpp">
      <Filter>源文件\core</Filter>
    </ClCompile>
    <ClCompile Include="..\NoaEngine\core\GameObject.cpp">
      <Filter>源文件\core</Filter>
    </ClCompile>
    <ClCompile Include="..\NoaEngine\core\InputSystem.cpp">
      <Filter>源文件\core</Filter>
    </ClCompile>
    <ClCompile Include="..\NoaEngine\core\NoaAction.cpp">
      <Filter>源文件\core</Filter>
    </ClCompile>
    <ClCompile Include="..\NoaEngine\core\NoaEngine.cpp">
      <Filter>源文件\core</Filter>
    </ClCompile>
    <ClCompile Include="..\NoaEngine\core\NoaGUI.cpp">
      <Filter>源文件\core</Filter>
    </ClCompile>
    <ClCompile Include="..\NoaEngine\core\NoaMath.cpp">
      <Filter>源文件\core</Filter>
    </ClCompile>
    <ClCompile Include="..\NoaEngine\core\Physics.cpp">
      <Filter>源文件\core</Filter>
    </ClCompile>
    <ClCompile Include="..\NoaEngine\core\Renderer.cpp">
      <Filter>源文件\core</Filter>
    </ClCompile>
    <ClCompile Include="..\NoaEngine\core\Scene.cpp">
      <Filter>源文件\core</Filter>
    </ClCompile>
    <ClCompile Include="..\NoaEngine\core\Sprite.cpp">
      <Filter>源文件\core</Filter>
    </ClCompile>
    <ClCompile Include="..\NoaEngine\core\StateMachine.cpp">
      <Filter>源文件\core</Filter>
    </ClCompile>
    <ClCompile Include="..\NoaEngine\core\Transform.cpp">
      <Filter>源文件\core</Filter>
    </ClCompile>
    <ClCompile Include="Player.cpp">
      <Filter>源文件</Filter>
    </ClCompile>
    <ClCompile Include="Enimy.cpp">
      <Filter>源文件</Filter>
    </ClCompile>
    <ClCompile Include="Item.cpp">
      <Filter>源文件</Filter>
    </ClCompile>
    <ClCompile Include="Caco.cpp">
      <Filter>源文件</Filter>
    </ClCompile>
    <ClCompile Include="CacoState.cpp">
      <Filter>源文件</Filter>
    </ClCompile>
    <ClCompile Include="LiveEntity.cpp">
      <Filter>源文件</Filter>
    </ClCompile>
    <ClCompile Include="..\NoaEngine\core\Resource.cpp">
      <Filter>源文件\core</Filter>
    </ClCompile>
    <ClCompile Include="Gun.cpp">
      <Filter>源文件</Filter>
    </ClCompile>
    <ClCompile Include="Shotgun.cpp">
      <Filter>源文件</Filter>
    </ClCompile>
    <ClCompile Include="Pistol.cpp">
      <Filter>源文件</Filter>
    </ClCompile>
    <ClCompile Include="WolfResource.cpp">
      <Filter>源文件</Filter>
    </ClCompile>
    <ClCompile Include="M4A1.cpp">
      <Filter>源文件</Filter>
    </ClCompile>
    <ClCompile Include="..\NoaEngine\core\Actor.cpp">
      <Filter>源文件\core</Filter>
    </ClCompile>
    <ClCompile Include="Bullet.cpp">
      <Filter>源文件</Filter>
    </ClCompile>
    <ClCompile Include="Level00.cpp">
      <Filter>源文件</Filter>
    </ClCompile>
    <ClCompile Include="Level01.cpp">
      <Filter>源文件</Filter>
    </ClCompile>
    <ClCompile Include="..\NoaEngine\core\ActorComponent.cpp">
      <Filter>源文件\core</Filter>
    </ClCompile>
    <ClCompile Include="MainMenuLevel.cpp">
      <Filter>源文件</Filter>
    </ClCompile>
    <ClCompile Include="..\NoaEngine\core\Graphic.cpp">
      <Filter>源文件\core</Filter>
    </ClCompile>
    <ClCompile Include="..\NoaEngine\core\Time.cpp">
      <Filter>源文件\core</Filter>
    </ClCompile>
    <ClCompile Include="..\NoaEngine\core\Platform.cpp">
      <Filter>源文件\core</Filter>
    </ClCompile>
    <ClCompile Include="..\NoaEngine\core\GLRenderer.cpp">
      <Filter>源文件\core</Filter>
    </ClCompile>
    <ClCompile Include="..\NoaEngine\core\GLTexture.cpp">
      <Filter>源文件\core</Filter>
    </ClCompile>
    <ClCompile Include="..\NoaEngine\core\Texture.cpp">
      <Filter>源文件\core</Filter>
    </ClCompile>
    <ClCompile Include="..\NoaEngine\core\Platform_Windows.cpp">
      <Filter>源文件\core</Filter>
    </ClCompile>
  </ItemGroup>
  <ItemGroup>
    <ClInclude Include="..\NoaEngine\core\Animator.h">
      <Filter>头文件\core</Filter>
    </ClInclude>
    <ClInclude Include="..\NoaEngine\core\Audio.h">
      <Filter>头文件\core</Filter>
    </ClInclude>
    <ClInclude Include="..\NoaEngine\core\Camera.h">
      <Filter>头文件\core</Filter>
    </ClInclude>
    <ClInclude Include="..\NoaEngine\core\GameObject.h">
      <Filter>头文件\core</Filter>
    </ClInclude>
    <ClInclude Include="..\NoaEngine\core\Graphic.h">
      <Filter>头文件\core</Filter>
    </ClInclude>
    <ClInclude Include="..\NoaEngine\core\InputSystem.h">
      <Filter>头文件\core</Filter>
    </ClInclude>
    <ClInclude Include="..\NoaEngine\core\NoaAction.h">
      <Filter>头文件\core</Filter>
    </ClInclude>
    <ClInclude Include="..\NoaEngine\core\NoaEngine.h">
      <Filter>头文件\core</Filter>
    </ClInclude>
    <ClInclude Include="..\NoaEngine\core\NoaGUI.h">
      <Filter>头文件\core</Filter>
    </ClInclude>
    <ClInclude Include="..\NoaEngine\core\NoaMath.h">
      <Filter>头文件\core</Filter>
    </ClInclude>
    <ClInclude Include="..\NoaEngine\core\Physics.h">
      <Filter>头文件\core</Filter>
    </ClInclude>
    <ClInclude Include="..\NoaEngine\core\Renderer.h">
      <Filter>头文件\core</Filter>
    </ClInclude>
    <ClInclude Include="..\NoaEngine\core\Scene.h">
      <Filter>头文件\core</Filter>
    </ClInclude>
    <ClInclude Include="..\NoaEngine\core\Sprite.h">
      <Filter>头文件\core</Filter>
    </ClInclude>
    <ClInclude Include="..\NoaEngine\core\StateMachine.h">
      <Filter>头文件\core</Filter>
    </ClInclude>
    <ClInclude Include="..\NoaEngine\core\Transform.h">
      <Filter>头文件\core</Filter>
    </ClInclude>
    <ClInclude Include="GameEngine.h">
      <Filter>头文件</Filter>
    </ClInclude>
    <ClInclude Include="Player.h">
      <Filter>头文件</Filter>
    </ClInclude>
    <ClInclude Include="Enimy.h">
      <Filter>头文件</Filter>
    </ClInclude>
    <ClInclude Include="Item.h">
      <Filter>头文件</Filter>
    </ClInclude>
    <ClInclude Include="Caco.h">
      <Filter>头文件</Filter>
    </ClInclude>
    <ClInclude Include="CacoState.h">
      <Filter>头文件</Filter>
    </ClInclude>
    <ClInclude Include="LiveEntity.h">
      <Filter>头文件</Filter>
    </ClInclude>
    <ClInclude Include="..\NoaEngine\core\Resource.h">
      <Filter>头文件\core</Filter>
    </ClInclude>
    <ClInclude Include="Gun.h">
      <Filter>头文件</Filter>
    </ClInclude>
    <ClInclude Include="Shotgun.h">
      <Filter>头文件</Filter>
    </ClInclude>
    <ClInclude Include="Pistol.h">
      <Filter>头文件</Filter>
    </ClInclude>
    <ClInclude Include="WolfResource.h">
      <Filter>头文件</Filter>
    </ClInclude>
    <ClInclude Include="M4A1.h">
      <Filter>头文件</Filter>
    </ClInclude>
    <ClInclude Include="..\NoaEngine\core\Actor.h">
      <Filter>头文件\core</Filter>
    </ClInclude>
    <ClInclude Include="Bullet.h">
      <Filter>头文件</Filter>
    </ClInclude>
    <ClInclude Include="Level00.h">
      <Filter>头文件</Filter>
    </ClInclude>
    <ClInclude Include="Level01.h">
      <Filter>头文件</Filter>
    </ClInclude>
    <ClInclude Include="..\NoaEngine\core\ActorComponent.h">
      <Filter>头文件\core</Filter>
    </ClInclude>
    <ClInclude Include="MainMenuLevel.h">
      <Filter>头文件</Filter>
    </ClInclude>
    <ClInclude Include="..\NoaEngine\core\Time.h">
      <Filter>头文件\core</Filter>
    </ClInclude>
    <ClInclude Include="..\NoaEngine\core\Platform.h">
      <Filter>头文件\core</Filter>
    </ClInclude>
    <ClInclude Include="..\NoaEngine\core\GLRenderer.h">
      <Filter>头文件\core</Filter>
    </ClInclude>
    <ClInclude Include="..\NoaEngine\core\GLTexture.h">
      <Filter>头文件\core</Filter>
    </ClInclude>
    <ClInclude Include="..\NoaEngine\core\Texture.h">
      <Filter>头文件\core</Filter>
    </ClInclude>
    <ClInclude Include="..\NoaEngine\core\Platform_Windows.h">
      <Filter>头文件\core</Filter>
    </ClInclude>
  </ItemGroup>
  <ItemGroup>
    <None Include="packages.config" />
  </ItemGroup>
</Project>