<?xml version="1.0" encoding="utf-8"?>
<Project ToolsVersion="4.0" xmlns="http://schemas.microsoft.com/developer/msbuild/2003">
  <ItemGroup>
    <Filter Include="源文件">
      <UniqueIdentifier>{4FC737F1-C7A5-4376-A066-2A32D752A2FF}</UniqueIdentifier>
      <Extensions>cpp;c;cc;cxx;c++;cppm;ixx;def;odl;idl;hpj;bat;asm;asmx</Extensions>
    </Filter>
    <Filter Include="头文件">
      <UniqueIdentifier>{93995380-89BD-4b04-88EB-625FBE52EBFB}</UniqueIdentifier>
      <Extensions>h;hh;hpp;hxx;h++;hm;inl;inc;ipp;xsd</Extensions>
    </Filter>
    <Filter Include="资源文件">
      <UniqueIdentifier>{67DA6AB6-F800-4c08-8B7A-83BB121AAD01}</UniqueIdentifier>
      <Extensions>rc;ico;cur;bmp;dlg;rc2;rct;bin;rgs;gif;jpg;jpeg;jpe;resx;tiff;tif;png;wav;mfcribbon-ms</Extensions>
    </Filter>
    <Filter Include="头文件\Engine">
      <UniqueIdentifier>{8748ae5f-597d-400d-a5c4-25435b2a7d80}</UniqueIdentifier>
    </Filter>
    <Filter Include="头文件\UIScript">
      <UniqueIdentifier>{91789f42-b90e-43a6-ac98-37725eb39d4c}</UniqueIdentifier>
    </Filter>
  </ItemGroup>
  <ItemGroup>
    <None Include="packages.config" />
  </ItemGroup>
  <ItemGroup>
    <ClCompile Include="Shooter.cpp">
      <Filter>源文件</Filter>
    </ClCompile>
    <ClCompile Include="Engine.cpp">
      <Filter>源文件</Filter>
    </ClCompile>
    <ClCompile Include="MainMenuDelegate.cpp">
      <Filter>源文件</Filter>
    </ClCompile>
    <ClCompile Include="GameDelegate.cpp">
      <Filter>源文件</Filter>
    </ClCompile>
    <ClCompile Include="ResourceManager.cpp">
      <Filter>源文件</Filter>
    </ClCompile>
    <ClCompile Include="Player.cpp">
      <Filter>源文件</Filter>
    </ClCompile>
    <ClCompile Include="BulletPool.cpp">
      <Filter>源文件</Filter>
    </ClCompile>
    <ClCompile Include="Bullet.cpp">
      <Filter>源文件</Filter>
    </ClCompile>
    <ClCompile Include="BulletFactory.cpp">
      <Filter>源文件</Filter>
    </ClCompile>
    <ClCompile Include="Test.cpp">
      <Filter>源文件</Filter>
    </ClCompile>
    <ClCompile Include="..\..\NoaEngine\NoaEngine\Actor.cpp">
      <Filter>头文件\Engine</Filter>
    </ClCompile>
    <ClCompile Include="..\..\NoaEngine\NoaEngine\ActorComponent.cpp">
      <Filter>头文件\Engine</Filter>
    </ClCompile>
    <ClCompile Include="..\..\NoaEngine\NoaEngine\ActorMotion.cpp">
      <Filter>头文件\Engine</Filter>
    </ClCompile>
    <ClCompile Include="..\..\NoaEngine\NoaEngine\ActorPool.cpp">
      <Filter>头文件\Engine</Filter>
    </ClCompile>
    <ClCompile Include="..\..\NoaEngine\NoaEngine\ActorPoolFactory.cpp">
      <Filter>头文件\Engine</Filter>
    </ClCompile>
    <ClCompile Include="..\..\NoaEngine\NoaEngine\Animator.cpp">
      <Filter>头文件\Engine</Filter>
    </ClCompile>
    <ClCompile Include="..\..\NoaEngine\NoaEngine\AudioSource.cpp">
      <Filter>头文件\Engine</Filter>
    </ClCompile>
    <ClCompile Include="..\..\NoaEngine\NoaEngine\AudioSystem.cpp">
      <Filter>头文件\Engine</Filter>
    </ClCompile>
    <ClCompile Include="..\..\NoaEngine\NoaEngine\AudioSystem_SDL.cpp">
      <Filter>头文件\Engine</Filter>
    </ClCompile>
    <ClCompile Include="..\..\NoaEngine\NoaEngine\BoxCollider2D.cpp">
      <Filter>头文件\Engine</Filter>
    </ClCompile>
    <ClCompile Include="..\..\NoaEngine\NoaEngine\Camera.cpp">
      <Filter>头文件\Engine</Filter>
    </ClCompile>
    <ClCompile Include="..\..\NoaEngine\NoaEngine\Camera2D.cpp">
      <Filter>头文件\Engine</Filter>
    </ClCompile>
    <ClCompile Include="..\..\NoaEngine\NoaEngine\CircleCollider2D.cpp">
      <Filter>头文件\Engine</Filter>
    </ClCompile>
    <ClCompile Include="..\..\NoaEngine\NoaEngine\Collider2D.cpp">
      <Filter>头文件\Engine</Filter>
    </ClCompile>
    <ClCompile Include="..\..\NoaEngine\NoaEngine\Debug.cpp">
      <Filter>头文件\Engine</Filter>
    </ClCompile>
    <ClCompile Include="..\..\NoaEngine\NoaEngine\Font.cpp">
      <Filter>头文件\Engine</Filter>
    </ClCompile>
    <ClCompile Include="..\..\NoaEngine\NoaEngine\FontAsset.cpp">
      <Filter>头文件\Engine</Filter>
    </ClCompile>
    <ClCompile Include="..\..\NoaEngine\NoaEngine\GLRenderer.cpp">
      <Filter>头文件\Engine</Filter>
    </ClCompile>
    <ClCompile Include="..\..\NoaEngine\NoaEngine\GLShader.cpp">
      <Filter>头文件\Engine</Filter>
    </ClCompile>
    <ClCompile Include="..\..\NoaEngine\NoaEngine\GLTexture.cpp">
      <Filter>头文件\Engine</Filter>
    </ClCompile>
    <ClCompile Include="..\..\NoaEngine\NoaEngine\Graphic.cpp">
      <Filter>头文件\Engine</Filter>
    </ClCompile>
    <ClCompile Include="..\..\NoaEngine\NoaEngine\InputSystem.cpp">
      <Filter>头文件\Engine</Filter>
    </ClCompile>
    <ClCompile Include="..\..\NoaEngine\NoaEngine\IPoolObjectFactroy.cpp">
      <Filter>头文件\Engine</Filter>
    </ClCompile>
    <ClCompile Include="..\..\NoaEngine\NoaEngine\NoaAction.cpp">
      <Filter>头文件\Engine</Filter>
    </ClCompile>
    <ClCompile Include="..\..\NoaEngine\NoaEngine\NoaEngine.cpp">
      <Filter>头文件\Engine</Filter>
    </ClCompile>
    <ClCompile Include="..\..\NoaEngine\NoaEngine\NoaGUI.cpp">
      <Filter>头文件\Engine</Filter>
    </ClCompile>
    <ClCompile Include="..\..\NoaEngine\NoaEngine\NoaMath.cpp">
      <Filter>头文件\Engine</Filter>
    </ClCompile>
    <ClCompile Include="..\..\NoaEngine\NoaEngine\NObject.cpp">
      <Filter>头文件\Engine</Filter>
    </ClCompile>
    <ClCompile Include="..\..\NoaEngine\NoaEngine\Physics.cpp">
      <Filter>头文件\Engine</Filter>
    </ClCompile>
    <ClCompile Include="..\..\NoaEngine\NoaEngine\PhysicsSystem.cpp">
      <Filter>头文件\Engine</Filter>
    </ClCompile>
    <ClCompile Include="..\..\NoaEngine\NoaEngine\Platform.cpp">
      <Filter>头文件\Engine</Filter>
    </ClCompile>
    <ClCompile Include="..\..\NoaEngine\NoaEngine\Platform_Linux.cpp">
      <Filter>头文件\Engine</Filter>
    </ClCompile>
    <ClCompile Include="..\..\NoaEngine\NoaEngine\Platform_Windows.cpp">
      <Filter>头文件\Engine</Filter>
    </ClCompile>
    <ClCompile Include="..\..\NoaEngine\NoaEngine\Renderer.cpp">
      <Filter>头文件\Engine</Filter>
    </ClCompile>
    <ClCompile Include="..\..\NoaEngine\NoaEngine\Resource.cpp">
      <Filter>头文件\Engine</Filter>
    </ClCompile>
    <ClCompile Include="..\..\NoaEngine\NoaEngine\Scene.cpp">
      <Filter>头文件\Engine</Filter>
    </ClCompile>
    <ClCompile Include="..\..\NoaEngine\NoaEngine\Screen.cpp">
      <Filter>头文件\Engine</Filter>
    </ClCompile>
    <ClCompile Include="..\..\NoaEngine\NoaEngine\SDLRenderer.cpp">
      <Filter>头文件\Engine</Filter>
    </ClCompile>
    <ClCompile Include="..\..\NoaEngine\NoaEngine\SDLTexture.cpp">
      <Filter>头文件\Engine</Filter>
    </ClCompile>
    <ClCompile Include="..\..\NoaEngine\NoaEngine\Sprite.cpp">
      <Filter>头文件\Engine</Filter>
    </ClCompile>
    <ClCompile Include="..\..\NoaEngine\NoaEngine\SpriteRenderer.cpp">
      <Filter>头文件\Engine</Filter>
    </ClCompile>
    <ClCompile Include="..\..\NoaEngine\NoaEngine\StateMachine.cpp">
      <Filter>头文件\Engine</Filter>
    </ClCompile>
    <ClCompile Include="..\..\NoaEngine\NoaEngine\Texture.cpp">
      <Filter>头文件\Engine</Filter>
    </ClCompile>
    <ClCompile Include="..\..\NoaEngine\NoaEngine\TileCollider2D.cpp">
      <Filter>头文件\Engine</Filter>
    </ClCompile>
    <ClCompile Include="..\..\NoaEngine\NoaEngine\TileMap.cpp">
      <Filter>头文件\Engine</Filter>
    </ClCompile>
    <ClCompile Include="..\..\NoaEngine\NoaEngine\TileMapInfo.cpp">
      <Filter>头文件\Engine</Filter>
    </ClCompile>
    <ClCompile Include="..\..\NoaEngine\NoaEngine\TileMapRenderer.cpp">
      <Filter>头文件\Engine</Filter>
    </ClCompile>
    <ClCompile Include="..\..\NoaEngine\NoaEngine\Time.cpp">
      <Filter>头文件\Engine</Filter>
    </ClCompile>
    <ClCompile Include="..\..\NoaEngine\NoaEngine\Transform.cpp">
      <Filter>头文件\Engine</Filter>
    </ClCompile>
    <ClCompile Include="..\..\NoaEngine\NoaEngine\UIBody.cpp">
      <Filter>头文件\Engine</Filter>
    </ClCompile>
    <ClCompile Include="..\..\NoaEngine\NoaEngine\UIButton.cpp">
      <Filter>头文件\Engine</Filter>
    </ClCompile>
    <ClCompile Include="..\..\NoaEngine\NoaEngine\UIComponent.cpp">
      <Filter>头文件\Engine</Filter>
    </ClCompile>
    <ClCompile Include="..\..\NoaEngine\NoaEngine\UIContainer.cpp">
      <Filter>头文件\Engine</Filter>
    </ClCompile>
    <ClCompile Include="..\..\NoaEngine\NoaEngine\UIDocument.cpp">
      <Filter>头文件\Engine</Filter>
    </ClCompile>
    <ClCompile Include="..\..\NoaEngine\NoaEngine\UIHub.cpp">
      <Filter>头文件\Engine</Filter>
    </ClCompile>
    <ClCompile Include="..\..\NoaEngine\NoaEngine\UIImage.cpp">
      <Filter>头文件\Engine</Filter>
    </ClCompile>
    <ClCompile Include="..\..\NoaEngine\NoaEngine\UILabel.cpp">
      <Filter>头文件\Engine</Filter>
    </ClCompile>
    <ClCompile Include="..\..\NoaEngine\NoaEngine\UIScript.cpp">
      <Filter>头文件\Engine</Filter>
    </ClCompile>
    <ClCompile Include="..\..\NoaEngine\NoaEngine\UIScrollBar.cpp">
      <Filter>头文件\Engine</Filter>
    </ClCompile>
    <ClCompile Include="..\..\NoaEngine\NoaEngine\SceneManager.cpp">
      <Filter>头文件\Engine</Filter>
    </ClCompile>
  </ItemGroup>
  <ItemGroup>
    <ClInclude Include="Engine.h">
      <Filter>头文件</Filter>
    </ClInclude>
    <ClInclude Include="Shooter.h">
      <Filter>头文件</Filter>
    </ClInclude>
    <ClInclude Include="MainMenuDelegate.h">
      <Filter>头文件</Filter>
    </ClInclude>
    <ClInclude Include="GameDelegate.h">
      <Filter>头文件</Filter>
    </ClInclude>
    <ClInclude Include="ResourceManager.h">
      <Filter>头文件</Filter>
    </ClInclude>
    <ClInclude Include="Player.h">
      <Filter>头文件</Filter>
    </ClInclude>
    <ClInclude Include="BulletPool.h">
      <Filter>头文件</Filter>
    </ClInclude>
    <ClInclude Include="Bullet.h">
      <Filter>头文件</Filter>
    </ClInclude>
    <ClInclude Include="BulletFactory.h">
      <Filter>头文件</Filter>
    </ClInclude>
    <ClInclude Include="Test.h">
      <Filter>头文件</Filter>
    </ClInclude>
    <ClInclude Include="..\..\NoaEngine\NoaEngine\Actor.h">
      <Filter>头文件\Engine</Filter>
    </ClInclude>
    <ClInclude Include="..\..\NoaEngine\NoaEngine\ActorComponent.h">
      <Filter>头文件\Engine</Filter>
    </ClInclude>
    <ClInclude Include="..\..\NoaEngine\NoaEngine\ActorMotion.h">
      <Filter>头文件\Engine</Filter>
    </ClInclude>
    <ClInclude Include="..\..\NoaEngine\NoaEngine\ActorPool.h">
      <Filter>头文件\Engine</Filter>
    </ClInclude>
    <ClInclude Include="..\..\NoaEngine\NoaEngine\ActorPoolFactory.h">
      <Filter>头文件\Engine</Filter>
    </ClInclude>
    <ClInclude Include="..\..\NoaEngine\NoaEngine\Animator.h">
      <Filter>头文件\Engine</Filter>
    </ClInclude>
    <ClInclude Include="..\..\NoaEngine\NoaEngine\AudioSource.h">
      <Filter>头文件\Engine</Filter>
    </ClInclude>
    <ClInclude Include="..\..\NoaEngine\NoaEngine\AudioSystem.h">
      <Filter>头文件\Engine</Filter>
    </ClInclude>
    <ClInclude Include="..\..\NoaEngine\NoaEngine\AudioSystem_SDL.h">
      <Filter>头文件\Engine</Filter>
    </ClInclude>
    <ClInclude Include="..\..\NoaEngine\NoaEngine\BoxCollider2D.h">
      <Filter>头文件\Engine</Filter>
    </ClInclude>
    <ClInclude Include="..\..\NoaEngine\NoaEngine\Camera.h">
      <Filter>头文件\Engine</Filter>
    </ClInclude>
    <ClInclude Include="..\..\NoaEngine\NoaEngine\Camera2D.h">
      <Filter>头文件\Engine</Filter>
    </ClInclude>
    <ClInclude Include="..\..\NoaEngine\NoaEngine\CircleCollider2D.h">
      <Filter>头文件\Engine</Filter>
    </ClInclude>
    <ClInclude Include="..\..\NoaEngine\NoaEngine\Collider2D.h">
      <Filter>头文件\Engine</Filter>
    </ClInclude>
    <ClInclude Include="..\..\NoaEngine\NoaEngine\Debug.h">
      <Filter>头文件\Engine</Filter>
    </ClInclude>
    <ClInclude Include="..\..\NoaEngine\NoaEngine\Font.h">
      <Filter>头文件\Engine</Filter>
    </ClInclude>
    <ClInclude Include="..\..\NoaEngine\NoaEngine\FontAsset.h">
      <Filter>头文件\Engine</Filter>
    </ClInclude>
    <ClInclude Include="..\..\NoaEngine\NoaEngine\GLHelper.h">
      <Filter>头文件\Engine</Filter>
    </ClInclude>
    <ClInclude Include="..\..\NoaEngine\NoaEngine\GLRenderer.h">
      <Filter>头文件\Engine</Filter>
    </ClInclude>
    <ClInclude Include="..\..\NoaEngine\NoaEngine\GLShader.h">
      <Filter>头文件\Engine</Filter>
    </ClInclude>
    <ClInclude Include="..\..\NoaEngine\NoaEngine\GLTexture.h">
      <Filter>头文件\Engine</Filter>
    </ClInclude>
    <ClInclude Include="..\..\NoaEngine\NoaEngine\Graphic.h">
      <Filter>头文件\Engine</Filter>
    </ClInclude>
    <ClInclude Include="..\..\NoaEngine\NoaEngine\InputSystem.h">
      <Filter>头文件\Engine</Filter>
    </ClInclude>
    <ClInclude Include="..\..\NoaEngine\NoaEngine\IPool.h">
      <Filter>头文件\Engine</Filter>
    </ClInclude>
    <ClInclude Include="..\..\NoaEngine\NoaEngine\IPoolObjectFactroy.h">
      <Filter>头文件\Engine</Filter>
    </ClInclude>
    <ClInclude Include="..\..\NoaEngine\NoaEngine\List.h">
      <Filter>头文件\Engine</Filter>
    </ClInclude>
    <ClInclude Include="..\..\NoaEngine\NoaEngine\NoaAction.h">
      <Filter>头文件\Engine</Filter>
    </ClInclude>
    <ClInclude Include="..\..\NoaEngine\NoaEngine\NoaEngine.h">
      <Filter>头文件\Engine</Filter>
    </ClInclude>
    <ClInclude Include="..\..\NoaEngine\NoaEngine\NoaGUI.h">
      <Filter>头文件\Engine</Filter>
    </ClInclude>
    <ClInclude Include="..\..\NoaEngine\NoaEngine\NoaMath.h">
      <Filter>头文件\Engine</Filter>
    </ClInclude>
    <ClInclude Include="..\..\NoaEngine\NoaEngine\NObject.h">
      <Filter>头文件\Engine</Filter>
    </ClInclude>
    <ClInclude Include="..\..\NoaEngine\NoaEngine\ObjectPool.h">
      <Filter>头文件\Engine</Filter>
    </ClInclude>
    <ClInclude Include="..\..\NoaEngine\NoaEngine\Physics.h">
      <Filter>头文件\Engine</Filter>
    </ClInclude>
    <ClInclude Include="..\..\NoaEngine\NoaEngine\PhysicsSystem.h">
      <Filter>头文件\Engine</Filter>
    </ClInclude>
    <ClInclude Include="..\..\NoaEngine\NoaEngine\Platform.h">
      <Filter>头文件\Engine</Filter>
    </ClInclude>
    <ClInclude Include="..\..\NoaEngine\NoaEngine\Platform_Linux.h">
      <Filter>头文件\Engine</Filter>
    </ClInclude>
    <ClInclude Include="..\..\NoaEngine\NoaEngine\Platform_Windows.h">
      <Filter>头文件\Engine</Filter>
    </ClInclude>
    <ClInclude Include="..\..\NoaEngine\NoaEngine\Queue.h">
      <Filter>头文件\Engine</Filter>
    </ClInclude>
    <ClInclude Include="..\..\NoaEngine\NoaEngine\Renderer.h">
      <Filter>头文件\Engine</Filter>
    </ClInclude>
    <ClInclude Include="..\..\NoaEngine\NoaEngine\Resource.h">
      <Filter>头文件\Engine</Filter>
    </ClInclude>
    <ClInclude Include="..\..\NoaEngine\NoaEngine\Scene.h">
      <Filter>头文件\Engine</Filter>
    </ClInclude>
    <ClInclude Include="..\..\NoaEngine\NoaEngine\Screen.h">
      <Filter>头文件\Engine</Filter>
    </ClInclude>
    <ClInclude Include="..\..\NoaEngine\NoaEngine\ScriptableActor.h">
      <Filter>头文件\Engine</Filter>
    </ClInclude>
    <ClInclude Include="..\..\NoaEngine\NoaEngine\SDLHelper.h">
      <Filter>头文件\Engine</Filter>
    </ClInclude>
    <ClInclude Include="..\..\NoaEngine\NoaEngine\SDLRenderer.h">
      <Filter>头文件\Engine</Filter>
    </ClInclude>
    <ClInclude Include="..\..\NoaEngine\NoaEngine\SDLTexture.h">
      <Filter>头文件\Engine</Filter>
    </ClInclude>
    <ClInclude Include="..\..\NoaEngine\NoaEngine\Sprite.h">
      <Filter>头文件\Engine</Filter>
    </ClInclude>
    <ClInclude Include="..\..\NoaEngine\NoaEngine\SpriteRenderer.h">
      <Filter>头文件\Engine</Filter>
    </ClInclude>
    <ClInclude Include="..\..\NoaEngine\NoaEngine\Stack.h">
      <Filter>头文件\Engine</Filter>
    </ClInclude>
    <ClInclude Include="..\..\NoaEngine\NoaEngine\StateMachine.h">
      <Filter>头文件\Engine</Filter>
    </ClInclude>
    <ClInclude Include="..\..\NoaEngine\NoaEngine\Texture.h">
      <Filter>头文件\Engine</Filter>
    </ClInclude>
    <ClInclude Include="..\..\NoaEngine\NoaEngine\TileCollider2D.h">
      <Filter>头文件\Engine</Filter>
    </ClInclude>
    <ClInclude Include="..\..\NoaEngine\NoaEngine\TileMap.h">
      <Filter>头文件\Engine</Filter>
    </ClInclude>
    <ClInclude Include="..\..\NoaEngine\NoaEngine\TileMapInfo.h">
      <Filter>头文件\Engine</Filter>
    </ClInclude>
    <ClInclude Include="..\..\NoaEngine\NoaEngine\TileMapRenderer.h">
      <Filter>头文件\Engine</Filter>
    </ClInclude>
    <ClInclude Include="..\..\NoaEngine\NoaEngine\Time.h">
      <Filter>头文件\Engine</Filter>
    </ClInclude>
    <ClInclude Include="..\..\NoaEngine\NoaEngine\Transform.h">
      <Filter>头文件\Engine</Filter>
    </ClInclude>
    <ClInclude Include="..\..\NoaEngine\NoaEngine\UIBody.h">
      <Filter>头文件\Engine</Filter>
    </ClInclude>
    <ClInclude Include="..\..\NoaEngine\NoaEngine\UIButton.h">
      <Filter>头文件\Engine</Filter>
    </ClInclude>
    <ClInclude Include="..\..\NoaEngine\NoaEngine\UIComponent.h">
      <Filter>头文件\Engine</Filter>
    </ClInclude>
    <ClInclude Include="..\..\NoaEngine\NoaEngine\UIContainer.h">
      <Filter>头文件\Engine</Filter>
    </ClInclude>
    <ClInclude Include="..\..\NoaEngine\NoaEngine\UIDocument.h">
      <Filter>头文件\Engine</Filter>
    </ClInclude>
    <ClInclude Include="..\..\NoaEngine\NoaEngine\UIHub.h">
      <Filter>头文件\Engine</Filter>
    </ClInclude>
    <ClInclude Include="..\..\NoaEngine\NoaEngine\UIImage.h">
      <Filter>头文件\Engine</Filter>
    </ClInclude>
    <ClInclude Include="..\..\NoaEngine\NoaEngine\UILabel.h">
      <Filter>头文件\Engine</Filter>
    </ClInclude>
    <ClInclude Include="..\..\NoaEngine\NoaEngine\UIScript.h">
      <Filter>头文件\Engine</Filter>
    </ClInclude>
    <ClInclude Include="..\..\NoaEngine\NoaEngine\UIScrollBar.h">
      <Filter>头文件\Engine</Filter>
    </ClInclude>
    <ClInclude Include="..\..\NoaEngine\NoaEngine\SceneManager.h">
      <Filter>头文件\Engine</Filter>
    </ClInclude>
  </ItemGroup>
</Project>