<?xml version="1.0" encoding="utf-8"?>
<Project ToolsVersion="4.0" xmlns="http://schemas.microsoft.com/developer/msbuild/2003">
  <ItemGroup>
    <Filter Include="源文件">
      <UniqueIdentifier>{4FC737F1-C7A5-4376-A066-2A32D752A2FF}</UniqueIdentifier>
      <Extensions>cpp;c;cc;cxx;c++;cppm;ixx;def;odl;idl;hpj;bat;asm;asmx</Extensions>
    </Filter>
    <Filter Include="头文件">
      <UniqueIdentifier>{93995380-89BD-4b04-88EB-625FBE52EBFB}</UniqueIdentifier>
      <Extensions>h;hh;hpp;hxx;h++;hm;inl;inc;ipp;xsd</Extensions>
    </Filter>
    <Filter Include="资源文件">
      <UniqueIdentifier>{67DA6AB6-F800-4c08-8B7A-83BB121AAD01}</UniqueIdentifier>
      <Extensions>rc;ico;cur;bmp;dlg;rc2;rct;bin;rgs;gif;jpg;jpeg;jpe;resx;tiff;tif;png;wav;mfcribbon-ms</Extensions>
    </Filter>
    <Filter Include="头文件\NoaEngine">
      <UniqueIdentifier>{76e4aade-4de9-41e2-93f5-40795603c21f}</UniqueIdentifier>
    </Filter>
    <Filter Include="源文件\NoaEngine">
      <UniqueIdentifier>{e004680a-b628-4b78-ad64-920e33ef3643}</UniqueIdentifier>
    </Filter>
  </ItemGroup>
  <ItemGroup>
    <ClCompile Include="SuperMario.cpp">
      <Filter>源文件</Filter>
    </ClCompile>
    <ClCompile Include="..\NoaEngine\core\Actor.cpp">
      <Filter>源文件\NoaEngine</Filter>
    </ClCompile>
    <ClCompile Include="..\NoaEngine\core\ActorComponent.cpp">
      <Filter>源文件\NoaEngine</Filter>
    </ClCompile>
    <ClCompile Include="..\NoaEngine\core\Animator.cpp">
      <Filter>源文件\NoaEngine</Filter>
    </ClCompile>
    <ClCompile Include="..\NoaEngine\core\Audio.cpp">
      <Filter>源文件\NoaEngine</Filter>
    </ClCompile>
    <ClCompile Include="..\NoaEngine\core\Camera.cpp">
      <Filter>源文件\NoaEngine</Filter>
    </ClCompile>
    <ClCompile Include="..\NoaEngine\core\GameObject.cpp">
      <Filter>源文件\NoaEngine</Filter>
    </ClCompile>
    <ClCompile Include="..\NoaEngine\core\GLRenderer.cpp">
      <Filter>源文件\NoaEngine</Filter>
    </ClCompile>
    <ClCompile Include="..\NoaEngine\core\GLTexture.cpp">
      <Filter>源文件\NoaEngine</Filter>
    </ClCompile>
    <ClCompile Include="..\NoaEngine\core\Graphic.cpp">
      <Filter>源文件\NoaEngine</Filter>
    </ClCompile>
    <ClCompile Include="..\NoaEngine\core\InputSystem.cpp">
      <Filter>源文件\NoaEngine</Filter>
    </ClCompile>
    <ClCompile Include="..\NoaEngine\core\NoaAction.cpp">
      <Filter>源文件\NoaEngine</Filter>
    </ClCompile>
    <ClCompile Include="..\NoaEngine\core\NoaEngine.cpp">
      <Filter>源文件\NoaEngine</Filter>
    </ClCompile>
    <ClCompile Include="..\NoaEngine\core\NoaGUI.cpp">
      <Filter>源文件\NoaEngine</Filter>
    </ClCompile>
    <ClCompile Include="..\NoaEngine\core\NoaMath.cpp">
      <Filter>源文件\NoaEngine</Filter>
    </ClCompile>
    <ClCompile Include="..\NoaEngine\core\NObject.cpp">
      <Filter>源文件\NoaEngine</Filter>
    </ClCompile>
    <ClCompile Include="..\NoaEngine\core\Physics.cpp">
      <Filter>源文件\NoaEngine</Filter>
    </ClCompile>
    <ClCompile Include="..\NoaEngine\core\Platform.cpp">
      <Filter>源文件\NoaEngine</Filter>
    </ClCompile>
    <ClCompile Include="..\NoaEngine\core\Platform_Windows.cpp">
      <Filter>源文件\NoaEngine</Filter>
    </ClCompile>
    <ClCompile Include="..\NoaEngine\core\Renderer.cpp">
      <Filter>源文件\NoaEngine</Filter>
    </ClCompile>
    <ClCompile Include="..\NoaEngine\core\Resource.cpp">
      <Filter>源文件\NoaEngine</Filter>
    </ClCompile>
    <ClCompile Include="..\NoaEngine\core\Scene.cpp">
      <Filter>源文件\NoaEngine</Filter>
    </ClCompile>
    <ClCompile Include="..\NoaEngine\core\Sprite.cpp">
      <Filter>源文件\NoaEngine</Filter>
    </ClCompile>
    <ClCompile Include="..\NoaEngine\core\SpriteRenderer.cpp">
      <Filter>源文件\NoaEngine</Filter>
    </ClCompile>
    <ClCompile Include="..\NoaEngine\core\StateMachine.cpp">
      <Filter>源文件\NoaEngine</Filter>
    </ClCompile>
    <ClCompile Include="..\NoaEngine\core\Texture.cpp">
      <Filter>源文件\NoaEngine</Filter>
    </ClCompile>
    <ClCompile Include="..\NoaEngine\core\Time.cpp">
      <Filter>源文件\NoaEngine</Filter>
    </ClCompile>
    <ClCompile Include="..\NoaEngine\core\Transform.cpp">
      <Filter>源文件\NoaEngine</Filter>
    </ClCompile>
  </ItemGroup>
  <ItemGroup>
    <None Include="packages.config" />
  </ItemGroup>
  <ItemGroup>
    <ClInclude Include="..\NoaEngine\core\Actor.h">
      <Filter>头文件\NoaEngine</Filter>
    </ClInclude>
    <ClInclude Include="..\NoaEngine\core\ActorComponent.h">
      <Filter>头文件\NoaEngine</Filter>
    </ClInclude>
    <ClInclude Include="..\NoaEngine\core\Animator.h">
      <Filter>头文件\NoaEngine</Filter>
    </ClInclude>
    <ClInclude Include="..\NoaEngine\core\Audio.h">
      <Filter>头文件\NoaEngine</Filter>
    </ClInclude>
    <ClInclude Include="..\NoaEngine\core\Camera.h">
      <Filter>头文件\NoaEngine</Filter>
    </ClInclude>
    <ClInclude Include="..\NoaEngine\core\GameObject.h">
      <Filter>头文件\NoaEngine</Filter>
    </ClInclude>
    <ClInclude Include="..\NoaEngine\core\GLRenderer.h">
      <Filter>头文件\NoaEngine</Filter>
    </ClInclude>
    <ClInclude Include="..\NoaEngine\core\GLTexture.h">
      <Filter>头文件\NoaEngine</Filter>
    </ClInclude>
    <ClInclude Include="..\NoaEngine\core\Graphic.h">
      <Filter>头文件\NoaEngine</Filter>
    </ClInclude>
    <ClInclude Include="..\NoaEngine\core\InputSystem.h">
      <Filter>头文件\NoaEngine</Filter>
    </ClInclude>
    <ClInclude Include="..\NoaEngine\core\NoaAction.h">
      <Filter>头文件\NoaEngine</Filter>
    </ClInclude>
    <ClInclude Include="..\NoaEngine\core\NoaEngine.h">
      <Filter>头文件\NoaEngine</Filter>
    </ClInclude>
    <ClInclude Include="..\NoaEngine\core\NoaGUI.h">
      <Filter>头文件\NoaEngine</Filter>
    </ClInclude>
    <ClInclude Include="..\NoaEngine\core\NoaMath.h">
      <Filter>头文件\NoaEngine</Filter>
    </ClInclude>
    <ClInclude Include="..\NoaEngine\core\NObject.h">
      <Filter>头文件\NoaEngine</Filter>
    </ClInclude>
    <ClInclude Include="..\NoaEngine\core\Physics.h">
      <Filter>头文件\NoaEngine</Filter>
    </ClInclude>
    <ClInclude Include="..\NoaEngine\core\Platform.h">
      <Filter>头文件\NoaEngine</Filter>
    </ClInclude>
    <ClInclude Include="..\NoaEngine\core\Platform_Windows.h">
      <Filter>头文件\NoaEngine</Filter>
    </ClInclude>
    <ClInclude Include="..\NoaEngine\core\Renderer.h">
      <Filter>头文件\NoaEngine</Filter>
    </ClInclude>
    <ClInclude Include="..\NoaEngine\core\Resource.h">
      <Filter>头文件\NoaEngine</Filter>
    </ClInclude>
    <ClInclude Include="..\NoaEngine\core\Scene.h">
      <Filter>头文件\NoaEngine</Filter>
    </ClInclude>
    <ClInclude Include="..\NoaEngine\core\ScriptableActor.h">
      <Filter>头文件\NoaEngine</Filter>
    </ClInclude>
    <ClInclude Include="..\NoaEngine\core\Sprite.h">
      <Filter>头文件\NoaEngine</Filter>
    </ClInclude>
    <ClInclude Include="..\NoaEngine\core\SpriteRenderer.h">
      <Filter>头文件\NoaEngine</Filter>
    </ClInclude>
    <ClInclude Include="..\NoaEngine\core\StateMachine.h">
      <Filter>头文件\NoaEngine</Filter>
    </ClInclude>
    <ClInclude Include="..\NoaEngine\core\Texture.h">
      <Filter>头文件\NoaEngine</Filter>
    </ClInclude>
    <ClInclude Include="..\NoaEngine\core\Time.h">
      <Filter>头文件\NoaEngine</Filter>
    </ClInclude>
    <ClInclude Include="..\NoaEngine\core\Transform.h">
      <Filter>头文件\NoaEngine</Filter>
    </ClInclude>
    <ClInclude Include="GameEngine.h">
      <Filter>头文件</Filter>
    </ClInclude>
  </ItemGroup>
</Project>